// !$*UTF8*$!
{
	archiveVersion = 1;
	classes = {
	};
	objectVersion = 77;
	objects = {

/* Begin PBXBuildFile section */
		B0519BA62F795D3000B63E1A /* InputMethodKit.framework in Frameworks */ = {isa = PBXBuildFile; fileRef = B0519BA52F795D3000B63E1A /* InputMethodKit.framework */; };
/* End PBXBuildFile section */

/* Begin PBXContainerItemProxy section */
		AD268BCA2F3F09A700514254 /* PBXContainerItemProxy */ = {
			isa = PBXContainerItemProxy;
			containerPortal = AD268BAF2F3F09A700514254 /* Project object */;
			proxyType = 1;
			remoteGlobalIDString = AD268BB62F3F09A700514254;
			remoteInfo = hark;
		};
		AD268BD42F3F09A700514254 /* PBXContainerItemProxy */ = {
			isa = PBXContainerItemProxy;
			containerPortal = AD268BAF2F3F09A700514254 /* Project object */;
			proxyType = 1;
			remoteGlobalIDString = AD268BB62F3F09A700514254;
			remoteInfo = hark;
		};
/* End PBXContainerItemProxy section */

/* Begin PBXFileReference section */
		AD268BB72F3F09A700514254 /* hark.app */ = {isa = PBXFileReference; explicitFileType = wrapper.application; includeInIndex = 0; path = hark.app; sourceTree = BUILT_PRODUCTS_DIR; };
		AD268BC92F3F09A700514254 /* harkTests.xctest */ = {isa = PBXFileReference; explicitFileType = wrapper.cfbundle; includeInIndex = 0; path = harkTests.xctest; sourceTree = BUILT_PRODUCTS_DIR; };
		AD268BD32F3F09A700514254 /* harkUITests.xctest */ = {isa = PBXFileReference; explicitFileType = wrapper.cfbundle; includeInIndex = 0; path = harkUITests.xctest; sourceTree = BUILT_PRODUCTS_DIR; };
		B0519B8D2F795C9900B63E1A /* harkInput.app */ = {isa = PBXFileReference; explicitFileType = wrapper.application; includeInIndex = 0; path = harkInput.app; sourceTree = BUILT_PRODUCTS_DIR; };
		B0519BA52F795D3000B63E1A /* InputMethodKit.framework */ = {isa = PBXFileReference; lastKnownFileType = wrapper.framework; name = InputMethodKit.framework; path = System/Library/Frameworks/InputMethodKit.framework; sourceTree = SDKROOT; };
/* End PBXFileReference section */

/* Begin PBXFileSystemSynchronizedRootGroup section */
		AD268BB92F3F09A700514254 /* hark */ = {
			isa = PBXFileSystemSynchronizedRootGroup;
			path = hark;
			sourceTree = "<group>";
		};
		AD268BCC2F3F09A700514254 /* harkTests */ = {
			isa = PBXFileSystemSynchronizedRootGroup;
			path = harkTests;
			sourceTree = "<group>";
		};
		AD268BD62F3F09A700514254 /* harkUITests */ = {
			isa = PBXFileSystemSynchronizedRootGroup;
			path = harkUITests;
			sourceTree = "<group>";
		};
		B0519B8E2F795C9900B63E1A /* harkInput */ = {
			isa = PBXFileSystemSynchronizedRootGroup;
			path = harkInput;
			sourceTree = "<group>";
		};
/* End PBXFileSystemSynchronizedRootGroup section */

/* Begin PBXFrameworksBuildPhase section */
		AD268BB42F3F09A700514254 /* Frameworks */ = {
			isa = PBXFrameworksBuildPhase;
			buildActionMask = 2147483647;
			files = (
			);
			runOnlyForDeploymentPostprocessing = 0;
		};
		AD268BC62F3F09A700514254 /* Frameworks */ = {
			isa = PBXFrameworksBuildPhase;
			buildActionMask = 2147483647;
			files = (
			);
			runOnlyForDeploymentPostprocessing = 0;
		};
		AD268BD02F3F09A700514254 /* Frameworks */ = {
			isa = PBXFrameworksBuildPhase;
			buildActionMask = 2147483647;
			files = (
			);
			runOnlyForDeploymentPostprocessing = 0;
		};
		B0519B8A2F795C9900B63E1A /* Frameworks */ = {
			isa = PBXFrameworksBuildPhase;
			buildActionMask = 2147483647;
			files = (
				B0519BA62F795D3000B63E1A /* InputMethodKit.framework in Frameworks */,
			);
			runOnlyForDeploymentPostprocessing = 0;
		};
/* End PBXFrameworksBuildPhase section */

/* Begin PBXGroup section */
		AD268BAE2F3F09A700514254 = {
			isa = PBXGroup;
			children = (
				AD268BB92F3F09A700514254 /* hark */,
				AD268BCC2F3F09A700514254 /* harkTests */,
				AD268BD62F3F09A700514254 /* harkUITests */,
				B0519B8E2F795C9900B63E1A /* harkInput */,
				B0519BA42F795D3000B63E1A /* Frameworks */,
				AD268BB82F3F09A700514254 /* Products */,
			);
			sourceTree = "<group>";
		};
		AD268BB82F3F09A700514254 /* Products */ = {
			isa = PBXGroup;
			children = (
				AD268BB72F3F09A700514254 /* hark.app */,
				AD268BC92F3F09A700514254 /* harkTests.xctest */,
				AD268BD32F3F09A700514254 /* harkUITests.xctest */,
				B0519B8D2F795C9900B63E1A /* harkInput.app */,
			);
			name = Products;
			sourceTree = "<group>";
		};
		B0519BA42F795D3000B63E1A /* Frameworks */ = {
			isa = PBXGroup;
			children = (
				B0519BA52F795D3000B63E1A /* InputMethodKit.framework */,
			);
			name = Frameworks;
			sourceTree = "<group>";
		};
/* End PBXGroup section */

/* Begin PBXNativeTarget section */
		AD268BB62F3F09A700514254 /* hark */ = {
			isa = PBXNativeTarget;
			buildConfigurationList = AD268BDD2F3F09A700514254 /* Build configuration list for PBXNativeTarget "hark" */;
			buildPhases = (
				AD268BB32F3F09A700514254 /* Sources */,
				AD268BB42F3F09A700514254 /* Frameworks */,
				AD268BB52F3F09A700514254 /* Resources */,
			);
			buildRules = (
			);
			dependencies = (
			);
			fileSystemSynchronizedGroups = (
				AD268BB92F3F09A700514254 /* hark */,
			);
			name = hark;
			packageProductDependencies = (
			);
			productName = hark;
			productReference = AD268BB72F3F09A700514254 /* hark.app */;
			productType = "com.apple.product-type.application";
		};
		AD268BC82F3F09A700514254 /* harkTests */ = {
			isa = PBXNativeTarget;
			buildConfigurationList = AD268BE02F3F09A700514254 /* Build configuration list for PBXNativeTarget "harkTests" */;
			buildPhases = (
				AD268BC52F3F09A700514254 /* Sources */,
				AD268BC62F3F09A700514254 /* Frameworks */,
				AD268BC72F3F09A700514254 /* Resources */,
			);
			buildRules = (
			);
			dependencies = (
				AD268BCB2F3F09A700514254 /* PBXTargetDependency */,
			);
			fileSystemSynchronizedGroups = (
				AD268BCC2F3F09A700514254 /* harkTests */,
			);
			name = harkTests;
			packageProductDependencies = (
			);
			productName = harkTests;
			productReference = AD268BC92F3F09A700514254 /* harkTests.xctest */;
			productType = "com.apple.product-type.bundle.unit-test";
		};
		AD268BD22F3F09A700514254 /* harkUITests */ = {
			isa = PBXNativeTarget;
			buildConfigurationList = AD268BE32F3F09A700514254 /* Build configuration list for PBXNativeTarget "harkUITests" */;
			buildPhases = (
				AD268BCF2F3F09A700514254 /* Sources */,
				AD268BD02F3F09A700514254 /* Frameworks */,
				AD268BD12F3F09A700514254 /* Resources */,
			);
			buildRules = (
			);
			dependencies = (
				AD268BD52F3F09A700514254 /* PBXTargetDependency */,
			);
			fileSystemSynchronizedGroups = (
				AD268BD62F3F09A700514254 /* harkUITests */,
			);
			name = harkUITests;
			packageProductDependencies = (
			);
			productName = harkUITests;
			productReference = AD268BD32F3F09A700514254 /* harkUITests.xctest */;
			productType = "com.apple.product-type.bundle.ui-testing";
		};
		B0519B8C2F795C9900B63E1A /* harkInput */ = {
			isa = PBXNativeTarget;
			buildConfigurationList = B0519B972F795C9A00B63E1A /* Build configuration list for PBXNativeTarget "harkInput" */;
			buildPhases = (
				B0519B892F795C9900B63E1A /* Sources */,
				B0519B8A2F795C9900B63E1A /* Frameworks */,
				B0519B8B2F795C9900B63E1A /* Resources */,
			);
			buildRules = (
			);
			dependencies = (
			);
			fileSystemSynchronizedGroups = (
				B0519B8E2F795C9900B63E1A /* harkInput */,
			);
			name = harkInput;
			packageProductDependencies = (
			);
			productName = harkInput;
			productReference = B0519B8D2F795C9900B63E1A /* harkInput.app */;
			productType = "com.apple.product-type.application";
		};
/* End PBXNativeTarget section */

/* Begin PBXProject section */
		AD268BAF2F3F09A700514254 /* Project object */ = {
			isa = PBXProject;
			attributes = {
				BuildIndependentTargetsInParallel = 1;
				LastSwiftUpdateCheck = 2630;
				LastUpgradeCheck = 2620;
				TargetAttributes = {
					AD268BB62F3F09A700514254 = {
						CreatedOnToolsVersion = 26.2;
					};
					AD268BC82F3F09A700514254 = {
						CreatedOnToolsVersion = 26.2;
						TestTargetID = AD268BB62F3F09A700514254;
					};
					AD268BD22F3F09A700514254 = {
						CreatedOnToolsVersion = 26.2;
						TestTargetID = AD268BB62F3F09A700514254;
					};
					B0519B8C2F795C9900B63E1A = {
						CreatedOnToolsVersion = 26.3;
					};
				};
			};
			buildConfigurationList = AD268BB22F3F09A700514254 /* Build configuration list for PBXProject "hark" */;
			developmentRegion = en;
			hasScannedForEncodings = 0;
			knownRegions = (
				en,
				Base,
			);
			mainGroup = AD268BAE2F3F09A700514254;
			minimizedProjectReferenceProxies = 1;
			packageReferences = (
			);
			preferredProjectObjectVersion = 77;
			productRefGroup = AD268BB82F3F09A700514254 /* Products */;
			projectDirPath = "";
			projectRoot = "";
			targets = (
				AD268BB62F3F09A700514254 /* hark */,
				AD268BC82F3F09A700514254 /* harkTests */,
				AD268BD22F3F09A700514254 /* harkUITests */,
				B0519B8C2F795C9900B63E1A /* harkInput */,
			);
		};
/* End PBXProject section */

/* Begin PBXResourcesBuildPhase section */
		AD268BB52F3F09A700514254 /* Resources */ = {
			isa = PBXResourcesBuildPhase;
			buildActionMask = 2147483647;
			files = (
			);
			runOnlyForDeploymentPostprocessing = 0;
		};
		AD268BC72F3F09A700514254 /* Resources */ = {
			isa = PBXResourcesBuildPhase;
			buildActionMask = 2147483647;
			files = (
			);
			runOnlyForDeploymentPostprocessing = 0;
		};
		AD268BD12F3F09A700514254 /* Resources */ = {
			isa = PBXResourcesBuildPhase;
			buildActionMask = 2147483647;
			files = (
			);
			runOnlyForDeploymentPostprocessing = 0;
		};
		B0519B8B2F795C9900B63E1A /* Resources */ = {
			isa = PBXResourcesBuildPhase;
			buildActionMask = 2147483647;
			files = (
			);
			runOnlyForDeploymentPostprocessing = 0;
		};
/* End PBXResourcesBuildPhase section */

/* Begin PBXSourcesBuildPhase section */
		AD268BB32F3F09A700514254 /* Sources */ = {
			isa = PBXSourcesBuildPhase;
			buildActionMask = 2147483647;
			files = (
			);
			runOnlyForDeploymentPostprocessing = 0;
		};
		AD268BC52F3F09A700514254 /* Sources */ = {
			isa = PBXSourcesBuildPhase;
			buildActionMask = 2147483647;
			files = (
			);
			runOnlyForDeploymentPostprocessing = 0;
		};
		AD268BCF2F3F09A700514254 /* Sources */ = {
			isa = PBXSourcesBuildPhase;
			buildActionMask = 2147483647;
			files = (
			);
			runOnlyForDeploymentPostprocessing = 0;
		};
		B0519B892F795C9900B63E1A /* Sources */ = {
			isa = PBXSourcesBuildPhase;
			buildActionMask = 2147483647;
			files = (
			);
			runOnlyForDeploymentPostprocessing = 0;
		};
/* End PBXSourcesBuildPhase section */

/* Begin PBXTargetDependency section */
		AD268BCB2F3F09A700514254 /* PBXTargetDependency */ = {
			isa = PBXTargetDependency;
			target = AD268BB62F3F09A700514254 /* hark */;
			targetProxy = AD268BCA2F3F09A700514254 /* PBXContainerItemProxy */;
		};
		AD268BD52F3F09A700514254 /* PBXTargetDependency */ = {
			isa = PBXTargetDependency;
			target = AD268BB62F3F09A700514254 /* hark */;
			targetProxy = AD268BD42F3F09A700514254 /* PBXContainerItemProxy */;
		};
/* End PBXTargetDependency section */

/* Begin XCBuildConfiguration section */
		AD268BDB2F3F09A700514254 /* Debug */ = {
			isa = XCBuildConfiguration;
			buildSettings = {
				ALWAYS_SEARCH_USER_PATHS = NO;
				ASSETCATALOG_COMPILER_GENERATE_SWIFT_ASSET_SYMBOL_EXTENSIONS = YES;
				CLANG_ANALYZER_NONNULL = YES;
				CLANG_ANALYZER_NUMBER_OBJECT_CONVERSION = YES_AGGRESSIVE;
				CLANG_CXX_LANGUAGE_STANDARD = "gnu++20";
				CLANG_ENABLE_MODULES = YES;
				CLANG_ENABLE_OBJC_ARC = YES;
				CLANG_ENABLE_OBJC_WEAK = YES;
				CLANG_WARN_BLOCK_CAPTURE_AUTORELEASING = YES;
				CLANG_WARN_BOOL_CONVERSION = YES;
				CLANG_WARN_COMMA = YES;
				CLANG_WARN_CONSTANT_CONVERSION = YES;
				CLANG_WARN_DEPRECATED_OBJC_IMPLEMENTATIONS = YES;
				CLANG_WARN_DIRECT_OBJC_ISA_USAGE = YES_ERROR;
				CLANG_WARN_DOCUMENTATION_COMMENTS = YES;
				CLANG_WARN_EMPTY_BODY = YES;
				CLANG_WARN_ENUM_CONVERSION = YES;
				CLANG_WARN_INFINITE_RECURSION = YES;
				CLANG_WARN_INT_CONVERSION = YES;
				CLANG_WARN_NON_LITERAL_NULL_CONVERSION = YES;
				CLANG_WARN_OBJC_IMPLICIT_RETAIN_SELF = YES;
				CLANG_WARN_OBJC_LITERAL_CONVERSION = YES;
				CLANG_WARN_OBJC_ROOT_CLASS = YES_ERROR;
				CLANG_WARN_QUOTED_INCLUDE_IN_FRAMEWORK_HEADER = YES;
				CLANG_WARN_RANGE_LOOP_ANALYSIS = YES;
				CLANG_WARN_STRICT_PROTOTYPES = YES;
				CLANG_WARN_SUSPICIOUS_MOVE = YES;
				CLANG_WARN_UNGUARDED_AVAILABILITY = YES_AGGRESSIVE;
				CLANG_WARN_UNREACHABLE_CODE = YES;
				CLANG_WARN__DUPLICATE_METHOD_MATCH = YES;
				COPY_PHASE_STRIP = NO;
				DEBUG_INFORMATION_FORMAT = dwarf;
				DEVELOPMENT_TEAM = CH98WW8RDP;
				ENABLE_STRICT_OBJC_MSGSEND = YES;
				ENABLE_TESTABILITY = YES;
				ENABLE_USER_SCRIPT_SANDBOXING = YES;
				GCC_C_LANGUAGE_STANDARD = gnu17;
				GCC_DYNAMIC_NO_PIC = NO;
				GCC_NO_COMMON_BLOCKS = YES;
				GCC_OPTIMIZATION_LEVEL = 0;
				GCC_PREPROCESSOR_DEFINITIONS = (
					"DEBUG=1",
					"$(inherited)",
				);
				GCC_WARN_64_TO_32_BIT_CONVERSION = YES;
				GCC_WARN_ABOUT_RETURN_TYPE = YES_ERROR;
				GCC_WARN_UNDECLARED_SELECTOR = YES;
				GCC_WARN_UNINITIALIZED_AUTOS = YES_AGGRESSIVE;
				GCC_WARN_UNUSED_FUNCTION = YES;
				GCC_WARN_UNUSED_VARIABLE = YES;
				LOCALIZATION_PREFERS_STRING_CATALOGS = YES;
				MACOSX_DEPLOYMENT_TARGET = 15.0;
				MTL_ENABLE_DEBUG_INFO = INCLUDE_SOURCE;
				MTL_FAST_MATH = YES;
				ONLY_ACTIVE_ARCH = YES;
				SDKROOT = macosx;
				SWIFT_ACTIVE_COMPILATION_CONDITIONS = "DEBUG $(inherited)";
				SWIFT_OPTIMIZATION_LEVEL = "-Onone";
			};
			name = Debug;
		};
		AD268BDC2F3F09A700514254 /* Release */ = {
			isa = XCBuildConfiguration;
			buildSettings = {
				ALWAYS_SEARCH_USER_PATHS = NO;
				ASSETCATALOG_COMPILER_GENERATE_SWIFT_ASSET_SYMBOL_EXTENSIONS = YES;
				CLANG_ANALYZER_NONNULL = YES;
				CLANG_ANALYZER_NUMBER_OBJECT_CONVERSION = YES_AGGRESSIVE;
				CLANG_CXX_LANGUAGE_STANDARD = "gnu++20";
				CLANG_ENABLE_MODULES = YES;
				CLANG_ENABLE_OBJC_ARC = YES;
				CLANG_ENABLE_OBJC_WEAK = YES;
				CLANG_WARN_BLOCK_CAPTURE_AUTORELEASING = YES;
				CLANG_WARN_BOOL_CONVERSION = YES;
				CLANG_WARN_COMMA = YES;
				CLANG_WARN_CONSTANT_CONVERSION = YES;
				CLANG_WARN_DEPRECATED_OBJC_IMPLEMENTATIONS = YES;
				CLANG_WARN_DIRECT_OBJC_ISA_USAGE = YES_ERROR;
				CLANG_WARN_DOCUMENTATION_COMMENTS = YES;
				CLANG_WARN_EMPTY_BODY = YES;
				CLANG_WARN_ENUM_CONVERSION = YES;
				CLANG_WARN_INFINITE_RECURSION = YES;
				CLANG_WARN_INT_CONVERSION = YES;
				CLANG_WARN_NON_LITERAL_NULL_CONVERSION = YES;
				CLANG_WARN_OBJC_IMPLICIT_RETAIN_SELF = YES;
				CLANG_WARN_OBJC_LITERAL_CONVERSION = YES;
				CLANG_WARN_OBJC_ROOT_CLASS = YES_ERROR;
				CLANG_WARN_QUOTED_INCLUDE_IN_FRAMEWORK_HEADER = YES;
				CLANG_WARN_RANGE_LOOP_ANALYSIS = YES;
				CLANG_WARN_STRICT_PROTOTYPES = YES;
				CLANG_WARN_SUSPICIOUS_MOVE = YES;
				CLANG_WARN_UNGUARDED_AVAILABILITY = YES_AGGRESSIVE;
				CLANG_WARN_UNREACHABLE_CODE = YES;
				CLANG_WARN__DUPLICATE_METHOD_MATCH = YES;
				COPY_PHASE_STRIP = NO;
				DEBUG_INFORMATION_FORMAT = "dwarf-with-dsym";
				DEVELOPMENT_TEAM = CH98WW8RDP;
				ENABLE_NS_ASSERTIONS = NO;
				ENABLE_STRICT_OBJC_MSGSEND = YES;
				ENABLE_USER_SCRIPT_SANDBOXING = YES;
				GCC_C_LANGUAGE_STANDARD = gnu17;
				GCC_NO_COMMON_BLOCKS = YES;
				GCC_WARN_64_TO_32_BIT_CONVERSION = YES;
				GCC_WARN_ABOUT_RETURN_TYPE = YES_ERROR;
				GCC_WARN_UNDECLARED_SELECTOR = YES;
				GCC_WARN_UNINITIALIZED_AUTOS = YES_AGGRESSIVE;
				GCC_WARN_UNUSED_FUNCTION = YES;
				GCC_WARN_UNUSED_VARIABLE = YES;
				LOCALIZATION_PREFERS_STRING_CATALOGS = YES;
				MACOSX_DEPLOYMENT_TARGET = 15.0;
				MTL_ENABLE_DEBUG_INFO = NO;
				MTL_FAST_MATH = YES;
				SDKROOT = macosx;
				SWIFT_COMPILATION_MODE = wholemodule;
			};
			name = Release;
		};
		AD268BDE2F3F09A700514254 /* Debug */ = {
			isa = XCBuildConfiguration;
			buildSettings = {
				ASSETCATALOG_COMPILER_APPICON_NAME = AppIcon;
				ASSETCATALOG_COMPILER_GLOBAL_ACCENT_COLOR_NAME = AccentColor;
				CODE_SIGN_ENTITLEMENTS = hark/hark.entitlements;
				CODE_SIGN_STYLE = Automatic;
				COMBINE_HIDPI_IMAGES = YES;
				CURRENT_PROJECT_VERSION = 1;
				DEVELOPMENT_TEAM = B2N6FSRTPV;
				ENABLE_APP_SANDBOX = NO;
				ENABLE_HARDENED_RUNTIME = YES;
				ENABLE_PREVIEWS = YES;
				GENERATE_INFOPLIST_FILE = YES;
				HEADER_SEARCH_PATHS = "/Users/amos/bearcove/qwen3-asr-rs/qwen3-asr-ffi/include";
				INFOPLIST_KEY_ATSApplicationFontsPath = Fonts;
				INFOPLIST_KEY_LSUIElement = YES;
				INFOPLIST_KEY_NSHumanReadableCopyright = "";
				INFOPLIST_KEY_NSMicrophoneUsageDescription = "Hark needs microphone access for voice-to-text dictation.";
				LD_RUNPATH_SEARCH_PATHS = (
					"$(inherited)",
					"@executable_path/../Frameworks",
				);
				LIBRARY_SEARCH_PATHS = "/Users/amos/bearcove/qwen3-asr-rs/target/release";
				MARKETING_VERSION = 1.0;
				OTHER_LDFLAGS = (
					"-lqwen3_asr_ffi",
					"-lc++",
					"-framework",
					Metal,
					"-framework",
					MetalPerformanceShaders,
					"-framework",
					Security,
					"-framework",
					SystemConfiguration,
				);
				PRODUCT_BUNDLE_IDENTIFIER = fasterthanlime.hark;
				PRODUCT_NAME = "$(TARGET_NAME)";
				REGISTER_APP_GROUPS = YES;
				STRING_CATALOG_GENERATE_SYMBOLS = YES;
				SWIFT_APPROACHABLE_CONCURRENCY = YES;
				SWIFT_DEFAULT_ACTOR_ISOLATION = nonisolated;
				SWIFT_EMIT_LOC_STRINGS = YES;
				SWIFT_OBJC_BRIDGING_HEADER = "hark/hark-Bridging-Header.h";
				SWIFT_UPCOMING_FEATURE_MEMBER_IMPORT_VISIBILITY = YES;
				SWIFT_VERSION = 6.0;
			};
			name = Debug;
		};
		AD268BDF2F3F09A700514254 /* Release */ = {
			isa = XCBuildConfiguration;
			buildSettings = {
				ASSETCATALOG_COMPILER_APPICON_NAME = AppIcon;
				ASSETCATALOG_COMPILER_GLOBAL_ACCENT_COLOR_NAME = AccentColor;
				CODE_SIGN_ENTITLEMENTS = hark/hark.entitlements;
				CODE_SIGN_STYLE = Automatic;
				COMBINE_HIDPI_IMAGES = YES;
				CURRENT_PROJECT_VERSION = 1;
				DEVELOPMENT_TEAM = B2N6FSRTPV;
				ENABLE_APP_SANDBOX = NO;
				ENABLE_HARDENED_RUNTIME = YES;
				ENABLE_PREVIEWS = YES;
				GENERATE_INFOPLIST_FILE = YES;
				HEADER_SEARCH_PATHS = "/Users/amos/bearcove/qwen3-asr-rs/qwen3-asr-ffi/include";
				INFOPLIST_KEY_ATSApplicationFontsPath = Fonts;
				INFOPLIST_KEY_LSUIElement = YES;
				INFOPLIST_KEY_NSHumanReadableCopyright = "";
				INFOPLIST_KEY_NSMicrophoneUsageDescription = "Hark needs microphone access for voice-to-text dictation.";
				LD_RUNPATH_SEARCH_PATHS = (
					"$(inherited)",
					"@executable_path/../Frameworks",
				);
				LIBRARY_SEARCH_PATHS = "/Users/amos/bearcove/qwen3-asr-rs/target/release";
				MARKETING_VERSION = 1.0;
				OTHER_LDFLAGS = (
					"-lqwen3_asr_ffi",
					"-lc++",
					"-framework",
					Metal,
					"-framework",
					MetalPerformanceShaders,
					"-framework",
					Security,
					"-framework",
					SystemConfiguration,
				);
				PRODUCT_BUNDLE_IDENTIFIER = fasterthanlime.hark;
				PRODUCT_NAME = "$(TARGET_NAME)";
				REGISTER_APP_GROUPS = YES;
				STRING_CATALOG_GENERATE_SYMBOLS = YES;
				SWIFT_APPROACHABLE_CONCURRENCY = YES;
				SWIFT_DEFAULT_ACTOR_ISOLATION = nonisolated;
				SWIFT_EMIT_LOC_STRINGS = YES;
				SWIFT_OBJC_BRIDGING_HEADER = "hark/hark-Bridging-Header.h";
				SWIFT_UPCOMING_FEATURE_MEMBER_IMPORT_VISIBILITY = YES;
				SWIFT_VERSION = 6.0;
			};
			name = Release;
		};
		AD268BE12F3F09A700514254 /* Debug */ = {
			isa = XCBuildConfiguration;
			buildSettings = {
				BUNDLE_LOADER = "$(TEST_HOST)";
				CODE_SIGN_STYLE = Automatic;
				CURRENT_PROJECT_VERSION = 1;
				DEVELOPMENT_TEAM = CH98WW8RDP;
				GENERATE_INFOPLIST_FILE = YES;
				MACOSX_DEPLOYMENT_TARGET = 15.0;
				MARKETING_VERSION = 1.0;
				PRODUCT_BUNDLE_IDENTIFIER = fasterthanlime.harkTests;
				PRODUCT_NAME = "$(TARGET_NAME)";
				STRING_CATALOG_GENERATE_SYMBOLS = NO;
				SWIFT_APPROACHABLE_CONCURRENCY = YES;
				SWIFT_EMIT_LOC_STRINGS = NO;
				SWIFT_UPCOMING_FEATURE_MEMBER_IMPORT_VISIBILITY = YES;
				SWIFT_VERSION = 5.0;
				TEST_HOST = "$(BUILT_PRODUCTS_DIR)/hark.app/$(BUNDLE_EXECUTABLE_FOLDER_PATH)/hark";
			};
			name = Debug;
		};
		AD268BE22F3F09A700514254 /* Release */ = {
			isa = XCBuildConfiguration;
			buildSettings = {
				BUNDLE_LOADER = "$(TEST_HOST)";
				CODE_SIGN_STYLE = Automatic;
				CURRENT_PROJECT_VERSION = 1;
				DEVELOPMENT_TEAM = CH98WW8RDP;
				GENERATE_INFOPLIST_FILE = YES;
				MACOSX_DEPLOYMENT_TARGET = 15.0;
				MARKETING_VERSION = 1.0;
				PRODUCT_BUNDLE_IDENTIFIER = fasterthanlime.harkTests;
				PRODUCT_NAME = "$(TARGET_NAME)";
				STRING_CATALOG_GENERATE_SYMBOLS = NO;
				SWIFT_APPROACHABLE_CONCURRENCY = YES;
				SWIFT_EMIT_LOC_STRINGS = NO;
				SWIFT_UPCOMING_FEATURE_MEMBER_IMPORT_VISIBILITY = YES;
				SWIFT_VERSION = 5.0;
				TEST_HOST = "$(BUILT_PRODUCTS_DIR)/hark.app/$(BUNDLE_EXECUTABLE_FOLDER_PATH)/hark";
			};
			name = Release;
		};
		AD268BE42F3F09A700514254 /* Debug */ = {
			isa = XCBuildConfiguration;
			buildSettings = {
				CODE_SIGN_STYLE = Automatic;
				CURRENT_PROJECT_VERSION = 1;
				DEVELOPMENT_TEAM = CH98WW8RDP;
				GENERATE_INFOPLIST_FILE = YES;
				MARKETING_VERSION = 1.0;
				PRODUCT_BUNDLE_IDENTIFIER = fasterthanlime.harkUITests;
				PRODUCT_NAME = "$(TARGET_NAME)";
				STRING_CATALOG_GENERATE_SYMBOLS = NO;
				SWIFT_APPROACHABLE_CONCURRENCY = YES;
				SWIFT_EMIT_LOC_STRINGS = NO;
				SWIFT_UPCOMING_FEATURE_MEMBER_IMPORT_VISIBILITY = YES;
				SWIFT_VERSION = 5.0;
				TEST_TARGET_NAME = hark;
			};
			name = Debug;
		};
		AD268BE52F3F09A700514254 /* Release */ = {
			isa = XCBuildConfiguration;
			buildSettings = {
				CODE_SIGN_STYLE = Automatic;
				CURRENT_PROJECT_VERSION = 1;
				DEVELOPMENT_TEAM = CH98WW8RDP;
				GENERATE_INFOPLIST_FILE = YES;
				MARKETING_VERSION = 1.0;
				PRODUCT_BUNDLE_IDENTIFIER = fasterthanlime.harkUITests;
				PRODUCT_NAME = "$(TARGET_NAME)";
				STRING_CATALOG_GENERATE_SYMBOLS = NO;
				SWIFT_APPROACHABLE_CONCURRENCY = YES;
				SWIFT_EMIT_LOC_STRINGS = NO;
				SWIFT_UPCOMING_FEATURE_MEMBER_IMPORT_VISIBILITY = YES;
				SWIFT_VERSION = 5.0;
				TEST_TARGET_NAME = hark;
			};
			name = Release;
		};
		B0519B952F795C9A00B63E1A /* Debug */ = {
			isa = XCBuildConfiguration;
			buildSettings = {
				ASSETCATALOG_COMPILER_APPICON_NAME = AppIcon;
				ASSETCATALOG_COMPILER_GLOBAL_ACCENT_COLOR_NAME = AccentColor;
				CODE_SIGN_STYLE = Automatic;
				COMBINE_HIDPI_IMAGES = YES;
				CURRENT_PROJECT_VERSION = 1;
				DEVELOPMENT_TEAM = B2N6FSRTPV;
				ENABLE_APP_SANDBOX = NO;
				ENABLE_HARDENED_RUNTIME = NO;
				ENABLE_PREVIEWS = YES;
				ENABLE_USER_SELECTED_FILES = readonly;
				GENERATE_INFOPLIST_FILE = YES;
				INFOPLIST_FILE = harkInput/Info.plist;
				INFOPLIST_KEY_CFBundleDisplayName = "Hark Dictation";
				INFOPLIST_KEY_LSBackgroundOnly = YES;
				INFOPLIST_KEY_NSHumanReadableCopyright = "";
				INFOPLIST_KEY_NSPrincipalClass = "$(PRODUCT_MODULE_NAME).HarkInputApplication";
				LD_RUNPATH_SEARCH_PATHS = (
					"$(inherited)",
					"@executable_path/../Frameworks",
				);
				MACOSX_DEPLOYMENT_TARGET = 26.2;
				MARKETING_VERSION = 1.0;
				PRODUCT_BUNDLE_IDENTIFIER = fasterthanlime.inputmethod.hark;
				PRODUCT_NAME = "$(TARGET_NAME)";
				REGISTER_APP_GROUPS = YES;
				STRING_CATALOG_GENERATE_SYMBOLS = YES;
				SWIFT_APPROACHABLE_CONCURRENCY = YES;
				SWIFT_DEFAULT_ACTOR_ISOLATION = MainActor;
				SWIFT_EMIT_LOC_STRINGS = YES;
				SWIFT_UPCOMING_FEATURE_MEMBER_IMPORT_VISIBILITY = YES;
				SWIFT_VERSION = 5.0;
			};
			name = Debug;
		};
		B0519B962F795C9A00B63E1A /* Release */ = {
			isa = XCBuildConfiguration;
			buildSettings = {
				ASSETCATALOG_COMPILER_APPICON_NAME = AppIcon;
				ASSETCATALOG_COMPILER_GLOBAL_ACCENT_COLOR_NAME = AccentColor;
				CODE_SIGN_STYLE = Automatic;
				COMBINE_HIDPI_IMAGES = YES;
				CURRENT_PROJECT_VERSION = 1;
				DEVELOPMENT_TEAM = B2N6FSRTPV;
				ENABLE_APP_SANDBOX = NO;
				ENABLE_HARDENED_RUNTIME = NO;
				ENABLE_PREVIEWS = YES;
				ENABLE_USER_SELECTED_FILES = readonly;
				GENERATE_INFOPLIST_FILE = YES;
				INFOPLIST_FILE = harkInput/Info.plist;
				INFOPLIST_KEY_CFBundleDisplayName = "Hark Dictation";
				INFOPLIST_KEY_LSBackgroundOnly = YES;
				INFOPLIST_KEY_NSHumanReadableCopyright = "";
				INFOPLIST_KEY_NSPrincipalClass = "$(PRODUCT_MODULE_NAME).HarkInputApplication";
				LD_RUNPATH_SEARCH_PATHS = (
					"$(inherited)",
					"@executable_path/../Frameworks",
				);
				MACOSX_DEPLOYMENT_TARGET = 26.2;
				MARKETING_VERSION = 1.0;
				PRODUCT_BUNDLE_IDENTIFIER = fasterthanlime.inputmethod.hark;
				PRODUCT_NAME = "$(TARGET_NAME)";
				REGISTER_APP_GROUPS = YES;
				STRING_CATALOG_GENERATE_SYMBOLS = YES;
				SWIFT_APPROACHABLE_CONCURRENCY = YES;
				SWIFT_DEFAULT_ACTOR_ISOLATION = MainActor;
				SWIFT_EMIT_LOC_STRINGS = YES;
				SWIFT_UPCOMING_FEATURE_MEMBER_IMPORT_VISIBILITY = YES;
				SWIFT_VERSION = 5.0;
			};
			name = Release;
		};
/* End XCBuildConfiguration section */

/* Begin XCConfigurationList section */
		AD268BB22F3F09A700514254 /* Build configuration list for PBXProject "hark" */ = {
			isa = XCConfigurationList;
			buildConfigurations = (
				AD268BDB2F3F09A700514254 /* Debug */,
				AD268BDC2F3F09A700514254 /* Release */,
			);
			defaultConfigurationIsVisible = 0;
			defaultConfigurationName = Release;
		};
		AD268BDD2F3F09A700514254 /* Build configuration list for PBXNativeTarget "hark" */ = {
			isa = XCConfigurationList;
			buildConfigurations = (
				AD268BDE2F3F09A700514254 /* Debug */,
				AD268BDF2F3F09A700514254 /* Release */,
			);
			defaultConfigurationIsVisible = 0;
			defaultConfigurationName = Release;
		};
		AD268BE02F3F09A700514254 /* Build configuration list for PBXNativeTarget "harkTests" */ = {
			isa = XCConfigurationList;
			buildConfigurations = (
				AD268BE12F3F09A700514254 /* Debug */,
				AD268BE22F3F09A700514254 /* Release */,
			);
			defaultConfigurationIsVisible = 0;
			defaultConfigurationName = Release;
		};
		AD268BE32F3F09A700514254 /* Build configuration list for PBXNativeTarget "harkUITests" */ = {
			isa = XCConfigurationList;
			buildConfigurations = (
				AD268BE42F3F09A700514254 /* Debug */,
				AD268BE52F3F09A700514254 /* Release */,
			);
			defaultConfigurationIsVisible = 0;
			defaultConfigurationName = Release;
		};
		B0519B972F795C9A00B63E1A /* Build configuration list for PBXNativeTarget "harkInput" */ = {
			isa = XCConfigurationList;
			buildConfigurations = (
				B0519B952F795C9A00B63E1A /* Debug */,
				B0519B962F795C9A00B63E1A /* Release */,
			);
			defaultConfigurationIsVisible = 0;
			defaultConfigurationName = Release;
		};
/* End XCConfigurationList section */
	};
	rootObject = AD268BAF2F3F09A700514254 /* Project object */;
}
