// !$*UTF8*$!
{
	archiveVersion = 1;
	classes = {
	};
	objectVersion = 77;
	objects = {

/* Begin PBXBuildFile section */
		04DA33E6805211526E03587B /* BeeInputController.swift in Sources */ = {isa = PBXBuildFile; fileRef = BBB5FE976B1CF01CA031AF66 /* BeeInputController.swift */; };
		16DED771E26A5CA7CBBDC636 /* main.swift in Sources */ = {isa = PBXBuildFile; fileRef = C26401964247ABA42B4ADCA3 /* main.swift */; };
		267F48ED7025F3C068F6D04A /* DebugOverlay.swift in Sources */ = {isa = PBXBuildFile; fileRef = 3CCEE7C20F26099D82D42387 /* DebugOverlay.swift */; };
		2B877E72AFA9A4D05B9FDC0B /* Session.swift in Sources */ = {isa = PBXBuildFile; fileRef = 676164F78A7A1315DBA4D712 /* Session.swift */; };
		36887C99C4A72623E8C07753 /* WavWriter.swift in Sources */ = {isa = PBXBuildFile; fileRef = 6951E22DA75EDA0015EF0D08 /* WavWriter.swift */; };
		38E7D30C43C23FB59D340DD8 /* bee.tiff in Resources */ = {isa = PBXBuildFile; fileRef = DCCA3D090BBD0D5701645658 /* bee.tiff */; };
		3C5A7E5CCBEA4AC62E33D88B /* DebugPanel.swift in Sources */ = {isa = PBXBuildFile; fileRef = 8597D72025F09D1E04C3B095 /* DebugPanel.swift */; };
		3C5C473887772CFDAA7535EE /* MenuBarView.swift in Sources */ = {isa = PBXBuildFile; fileRef = F154B4296E76BCBEDD666C34 /* MenuBarView.swift */; };
		4335D0C20A8824861A2AAA67 /* beeTemplate.tiff in Resources */ = {isa = PBXBuildFile; fileRef = 6AEB22F163C305E4983946FF /* beeTemplate.tiff */; };
		4A7942D230B46253EF1197E9 /* TranscriptionService.swift in Sources */ = {isa = PBXBuildFile; fileRef = 2F7D08BD88D7C596EA782773 /* TranscriptionService.swift */; };
		599EE6A4E7B1CA2D6CE47107 /* AudioEngine.swift in Sources */ = {isa = PBXBuildFile; fileRef = 221AD035A01421E2640E350E /* AudioEngine.swift */; };
		59A3A4BE607D2198DDD3609D /* TranscriptionHistoryItem.swift in Sources */ = {isa = PBXBuildFile; fileRef = FC8AFB3851834181E8F4EF77 /* TranscriptionHistoryItem.swift */; };
		5BAC477D9108D6517E32E7DF /* Assets.xcassets in Resources */ = {isa = PBXBuildFile; fileRef = 2A7D3D2469CBFB9FF5D9FD91 /* Assets.xcassets */; };
		61BD0331407809E8C17102E8 /* InputMethodKit.framework in Frameworks */ = {isa = PBXBuildFile; fileRef = 44D01D1FC50FBE993FD0716F /* InputMethodKit.framework */; };
		638D545266F00C866046B177 /* BeeInputAppDelegate.swift in Sources */ = {isa = PBXBuildFile; fileRef = 2F54E5F987731158C437D997 /* BeeInputAppDelegate.swift */; };
		66493E87798EF2D09BC1BC43 /* BeeInputClient.swift in Sources */ = {isa = PBXBuildFile; fileRef = 0AA018C194359C6E4CE7BA63 /* BeeInputClient.swift */; };
		89ADF5F490B96085E99E510C /* SoundEffects.swift in Sources */ = {isa = PBXBuildFile; fileRef = A4E52C13C56D37363BA384EF /* SoundEffects.swift */; };
		ADA9083DFC2A9EDCB6698240 /* AudioPipeline.swift in Sources */ = {isa = PBXBuildFile; fileRef = F0BF06C76650D4E68E461F7C /* AudioPipeline.swift */; };
		C5FD939731D0805250AC95C8 /* BeeXPCService.swift in Sources */ = {isa = PBXBuildFile; fileRef = 89A48B33C812878B9AC55B8D /* BeeXPCService.swift */; };
		D70AC6C318840E971BF24ADB /* HotkeyMonitor.swift in Sources */ = {isa = PBXBuildFile; fileRef = 977266C3895F1E154E74F051 /* HotkeyMonitor.swift */; };
		DC35DFDBCF6C52FA6E0A690A /* Assets.xcassets in Resources */ = {isa = PBXBuildFile; fileRef = 5A35BE9759CA9C8519D87363 /* Assets.xcassets */; };
		EAD815EAA627296BFA0C4EA3 /* BeeApp.swift in Sources */ = {isa = PBXBuildFile; fileRef = 7059CA841745C6E21DA830A3 /* BeeApp.swift */; };
		F93A846E10BB3E70003F07C6 /* STTModelDefinition.swift in Sources */ = {isa = PBXBuildFile; fileRef = 5639654E7D993F82C6C5ED91 /* STTModelDefinition.swift */; };
		FCE25FA72869D4A5885A40D0 /* AppState.swift in Sources */ = {isa = PBXBuildFile; fileRef = 0F2645E6EBE2D4D3E1BFA17C /* AppState.swift */; };
/* End PBXBuildFile section */

/* Begin PBXFileReference section */
		0AA018C194359C6E4CE7BA63 /* BeeInputClient.swift */ = {isa = PBXFileReference; lastKnownFileType = sourcecode.swift; path = BeeInputClient.swift; sourceTree = "<group>"; };
		0F2645E6EBE2D4D3E1BFA17C /* AppState.swift */ = {isa = PBXFileReference; lastKnownFileType = sourcecode.swift; path = AppState.swift; sourceTree = "<group>"; };
		150E7F5961D4B0D13C2D78C8 /* Info.plist */ = {isa = PBXFileReference; lastKnownFileType = text.plist; path = Info.plist; sourceTree = "<group>"; };
		221AD035A01421E2640E350E /* AudioEngine.swift */ = {isa = PBXFileReference; lastKnownFileType = sourcecode.swift; path = AudioEngine.swift; sourceTree = "<group>"; };
		2A7D3D2469CBFB9FF5D9FD91 /* Assets.xcassets */ = {isa = PBXFileReference; lastKnownFileType = folder.assetcatalog; path = Assets.xcassets; sourceTree = "<group>"; };
		2F54E5F987731158C437D997 /* BeeInputAppDelegate.swift */ = {isa = PBXFileReference; lastKnownFileType = sourcecode.swift; path = BeeInputAppDelegate.swift; sourceTree = "<group>"; };
		2F7D08BD88D7C596EA782773 /* TranscriptionService.swift */ = {isa = PBXFileReference; lastKnownFileType = sourcecode.swift; path = TranscriptionService.swift; sourceTree = "<group>"; };
		3CCEE7C20F26099D82D42387 /* DebugOverlay.swift */ = {isa = PBXFileReference; lastKnownFileType = sourcecode.swift; path = DebugOverlay.swift; sourceTree = "<group>"; };
		41126B678A8FDC75629B0B30 /* bee.entitlements */ = {isa = PBXFileReference; lastKnownFileType = text.plist.entitlements; path = bee.entitlements; sourceTree = "<group>"; };
		44D01D1FC50FBE993FD0716F /* InputMethodKit.framework */ = {isa = PBXFileReference; lastKnownFileType = wrapper.framework; name = InputMethodKit.framework; path = System/Library/Frameworks/InputMethodKit.framework; sourceTree = SDKROOT; };
		5639654E7D993F82C6C5ED91 /* STTModelDefinition.swift */ = {isa = PBXFileReference; lastKnownFileType = sourcecode.swift; path = STTModelDefinition.swift; sourceTree = "<group>"; };
		5A35BE9759CA9C8519D87363 /* Assets.xcassets */ = {isa = PBXFileReference; lastKnownFileType = folder.assetcatalog; path = Assets.xcassets; sourceTree = "<group>"; };
		676164F78A7A1315DBA4D712 /* Session.swift */ = {isa = PBXFileReference; lastKnownFileType = sourcecode.swift; path = Session.swift; sourceTree = "<group>"; };
		6951E22DA75EDA0015EF0D08 /* WavWriter.swift */ = {isa = PBXFileReference; lastKnownFileType = sourcecode.swift; path = WavWriter.swift; sourceTree = "<group>"; };
		6AEB22F163C305E4983946FF /* beeTemplate.tiff */ = {isa = PBXFileReference; lastKnownFileType = image.tiff; path = beeTemplate.tiff; sourceTree = "<group>"; };
		7059CA841745C6E21DA830A3 /* BeeApp.swift */ = {isa = PBXFileReference; lastKnownFileType = sourcecode.swift; path = BeeApp.swift; sourceTree = "<group>"; };
		8597D72025F09D1E04C3B095 /* DebugPanel.swift */ = {isa = PBXFileReference; lastKnownFileType = sourcecode.swift; path = DebugPanel.swift; sourceTree = "<group>"; };
		89A48B33C812878B9AC55B8D /* BeeXPCService.swift */ = {isa = PBXFileReference; lastKnownFileType = sourcecode.swift; path = BeeXPCService.swift; sourceTree = "<group>"; };
		977266C3895F1E154E74F051 /* HotkeyMonitor.swift */ = {isa = PBXFileReference; lastKnownFileType = sourcecode.swift; path = HotkeyMonitor.swift; sourceTree = "<group>"; };
		A4E52C13C56D37363BA384EF /* SoundEffects.swift */ = {isa = PBXFileReference; lastKnownFileType = sourcecode.swift; path = SoundEffects.swift; sourceTree = "<group>"; };
		ACC2C13E80A8EB858DA92EC7 /* bee.app */ = {isa = PBXFileReference; explicitFileType = wrapper.application; includeInIndex = 0; path = bee.app; sourceTree = BUILT_PRODUCTS_DIR; };
		BBB5FE976B1CF01CA031AF66 /* BeeInputController.swift */ = {isa = PBXFileReference; lastKnownFileType = sourcecode.swift; path = BeeInputController.swift; sourceTree = "<group>"; };
		C26401964247ABA42B4ADCA3 /* main.swift */ = {isa = PBXFileReference; lastKnownFileType = sourcecode.swift; path = main.swift; sourceTree = "<group>"; };
		DCCA3D090BBD0D5701645658 /* bee.tiff */ = {isa = PBXFileReference; lastKnownFileType = image.tiff; path = bee.tiff; sourceTree = "<group>"; };
		E27C82D82C5DDA273AC36889 /* beeInput.app */ = {isa = PBXFileReference; explicitFileType = wrapper.application; includeInIndex = 0; path = beeInput.app; sourceTree = BUILT_PRODUCTS_DIR; };
		F0BF06C76650D4E68E461F7C /* AudioPipeline.swift */ = {isa = PBXFileReference; lastKnownFileType = sourcecode.swift; path = AudioPipeline.swift; sourceTree = "<group>"; };
		F154B4296E76BCBEDD666C34 /* MenuBarView.swift */ = {isa = PBXFileReference; lastKnownFileType = sourcecode.swift; path = MenuBarView.swift; sourceTree = "<group>"; };
		FC8AFB3851834181E8F4EF77 /* TranscriptionHistoryItem.swift */ = {isa = PBXFileReference; lastKnownFileType = sourcecode.swift; path = TranscriptionHistoryItem.swift; sourceTree = "<group>"; };
/* End PBXFileReference section */

/* Begin PBXFrameworksBuildPhase section */
		59851F140260C17B14FB4366 /* Frameworks */ = {
			isa = PBXFrameworksBuildPhase;
			buildActionMask = 2147483647;
			files = (
				61BD0331407809E8C17102E8 /* InputMethodKit.framework in Frameworks */,
			);
			runOnlyForDeploymentPostprocessing = 0;
		};
/* End PBXFrameworksBuildPhase section */

/* Begin PBXGroup section */
		1A0961E2FC894633F169BD7D /* Views */ = {
			isa = PBXGroup;
			children = (
				3CCEE7C20F26099D82D42387 /* DebugOverlay.swift */,
				8597D72025F09D1E04C3B095 /* DebugPanel.swift */,
				F154B4296E76BCBEDD666C34 /* MenuBarView.swift */,
			);
			path = Views;
			sourceTree = "<group>";
		};
		3C4755D7171C9A5834B9180D /* bee-input */ = {
			isa = PBXGroup;
			children = (
				2A7D3D2469CBFB9FF5D9FD91 /* Assets.xcassets */,
				DCCA3D090BBD0D5701645658 /* bee.tiff */,
				2F54E5F987731158C437D997 /* BeeInputAppDelegate.swift */,
				BBB5FE976B1CF01CA031AF66 /* BeeInputController.swift */,
				6AEB22F163C305E4983946FF /* beeTemplate.tiff */,
				89A48B33C812878B9AC55B8D /* BeeXPCService.swift */,
				150E7F5961D4B0D13C2D78C8 /* Info.plist */,
				C26401964247ABA42B4ADCA3 /* main.swift */,
			);
			path = "bee-input";
			sourceTree = "<group>";
		};
		44E81B4665D7850010F15D72 /* Models */ = {
			isa = PBXGroup;
			children = (
				5639654E7D993F82C6C5ED91 /* STTModelDefinition.swift */,
				FC8AFB3851834181E8F4EF77 /* TranscriptionHistoryItem.swift */,
			);
			path = Models;
			sourceTree = "<group>";
		};
		697DD1AAABC63BCBFAE29FDB /* Products */ = {
			isa = PBXGroup;
			children = (
				ACC2C13E80A8EB858DA92EC7 /* bee.app */,
				E27C82D82C5DDA273AC36889 /* beeInput.app */,
			);
			name = Products;
			sourceTree = "<group>";
		};
		AC2E63CD19B3E255DCD31E1C /* Frameworks */ = {
			isa = PBXGroup;
			children = (
				44D01D1FC50FBE993FD0716F /* InputMethodKit.framework */,
			);
			name = Frameworks;
			sourceTree = "<group>";
		};
		B5B81CB48103AC5B7169DEE4 /* bee */ = {
			isa = PBXGroup;
			children = (
				0F2645E6EBE2D4D3E1BFA17C /* AppState.swift */,
				5A35BE9759CA9C8519D87363 /* Assets.xcassets */,
				221AD035A01421E2640E350E /* AudioEngine.swift */,
				F0BF06C76650D4E68E461F7C /* AudioPipeline.swift */,
				41126B678A8FDC75629B0B30 /* bee.entitlements */,
				7059CA841745C6E21DA830A3 /* BeeApp.swift */,
				977266C3895F1E154E74F051 /* HotkeyMonitor.swift */,
				676164F78A7A1315DBA4D712 /* Session.swift */,
				A4E52C13C56D37363BA384EF /* SoundEffects.swift */,
				44E81B4665D7850010F15D72 /* Models */,
				F2AD318CDACC7F7F4250B2E0 /* Services */,
				1A0961E2FC894633F169BD7D /* Views */,
			);
			path = bee;
			sourceTree = "<group>";
		};
		CC665285516FF0C09607452E = {
			isa = PBXGroup;
			children = (
				B5B81CB48103AC5B7169DEE4 /* bee */,
				3C4755D7171C9A5834B9180D /* bee-input */,
				AC2E63CD19B3E255DCD31E1C /* Frameworks */,
				697DD1AAABC63BCBFAE29FDB /* Products */,
			);
			sourceTree = "<group>";
		};
		F2AD318CDACC7F7F4250B2E0 /* Services */ = {
			isa = PBXGroup;
			children = (
				0AA018C194359C6E4CE7BA63 /* BeeInputClient.swift */,
				2F7D08BD88D7C596EA782773 /* TranscriptionService.swift */,
				6951E22DA75EDA0015EF0D08 /* WavWriter.swift */,
			);
			path = Services;
			sourceTree = "<group>";
		};
/* End PBXGroup section */

/* Begin PBXNativeTarget section */
		01CB3F093F86D1C0EA056F5D /* bee */ = {
			isa = PBXNativeTarget;
			buildConfigurationList = C3B0E177EEA98B0940DD1A57 /* Build configuration list for PBXNativeTarget "bee" */;
			buildPhases = (
				198A194B415B1DC8B9969EE0 /* Sources */,
				32B125BC2E0C12F049D06B2E /* Resources */,
			);
			buildRules = (
			);
			dependencies = (
			);
			name = bee;
			packageProductDependencies = (
			);
			productName = bee;
			productReference = ACC2C13E80A8EB858DA92EC7 /* bee.app */;
			productType = "com.apple.product-type.application";
		};
		891B7C31943E46D3967A432C /* beeInput */ = {
			isa = PBXNativeTarget;
			buildConfigurationList = E60212EE7CE0AC29551D2CB2 /* Build configuration list for PBXNativeTarget "beeInput" */;
			buildPhases = (
				340C217C30B89E1E4F904BC6 /* Sources */,
				20AF37F961BC888AB953D49D /* Resources */,
				59851F140260C17B14FB4366 /* Frameworks */,
			);
			buildRules = (
			);
			dependencies = (
			);
			name = beeInput;
			packageProductDependencies = (
			);
			productName = beeInput;
			productReference = E27C82D82C5DDA273AC36889 /* beeInput.app */;
			productType = "com.apple.product-type.application";
		};
/* End PBXNativeTarget section */

/* Begin PBXProject section */
		DA18FE9DB54A783047FBDEA6 /* Project object */ = {
			isa = PBXProject;
			attributes = {
				BuildIndependentTargetsInParallel = YES;
				LastUpgradeCheck = 1630;
				TargetAttributes = {
					01CB3F093F86D1C0EA056F5D = {
						DevelopmentTeam = B2N6FSRTPV;
					};
					891B7C31943E46D3967A432C = {
						DevelopmentTeam = B2N6FSRTPV;
					};
				};
			};
			buildConfigurationList = F6CAEEA1A727101382591196 /* Build configuration list for PBXProject "bee" */;
			developmentRegion = en;
			hasScannedForEncodings = 0;
			knownRegions = (
				Base,
				en,
			);
			mainGroup = CC665285516FF0C09607452E;
			minimizedProjectReferenceProxies = 1;
			preferredProjectObjectVersion = 77;
			productRefGroup = 697DD1AAABC63BCBFAE29FDB /* Products */;
			projectDirPath = "";
			projectRoot = "";
			targets = (
				01CB3F093F86D1C0EA056F5D /* bee */,
				891B7C31943E46D3967A432C /* beeInput */,
			);
		};
/* End PBXProject section */

/* Begin PBXResourcesBuildPhase section */
		20AF37F961BC888AB953D49D /* Resources */ = {
			isa = PBXResourcesBuildPhase;
			buildActionMask = 2147483647;
			files = (
				5BAC477D9108D6517E32E7DF /* Assets.xcassets in Resources */,
				38E7D30C43C23FB59D340DD8 /* bee.tiff in Resources */,
				4335D0C20A8824861A2AAA67 /* beeTemplate.tiff in Resources */,
			);
			runOnlyForDeploymentPostprocessing = 0;
		};
		32B125BC2E0C12F049D06B2E /* Resources */ = {
			isa = PBXResourcesBuildPhase;
			buildActionMask = 2147483647;
			files = (
				DC35DFDBCF6C52FA6E0A690A /* Assets.xcassets in Resources */,
			);
			runOnlyForDeploymentPostprocessing = 0;
		};
/* End PBXResourcesBuildPhase section */

/* Begin PBXSourcesBuildPhase section */
		198A194B415B1DC8B9969EE0 /* Sources */ = {
			isa = PBXSourcesBuildPhase;
			buildActionMask = 2147483647;
			files = (
				FCE25FA72869D4A5885A40D0 /* AppState.swift in Sources */,
				599EE6A4E7B1CA2D6CE47107 /* AudioEngine.swift in Sources */,
				ADA9083DFC2A9EDCB6698240 /* AudioPipeline.swift in Sources */,
				EAD815EAA627296BFA0C4EA3 /* BeeApp.swift in Sources */,
				66493E87798EF2D09BC1BC43 /* BeeInputClient.swift in Sources */,
				267F48ED7025F3C068F6D04A /* DebugOverlay.swift in Sources */,
				3C5A7E5CCBEA4AC62E33D88B /* DebugPanel.swift in Sources */,
				D70AC6C318840E971BF24ADB /* HotkeyMonitor.swift in Sources */,
				3C5C473887772CFDAA7535EE /* MenuBarView.swift in Sources */,
				F93A846E10BB3E70003F07C6 /* STTModelDefinition.swift in Sources */,
				2B877E72AFA9A4D05B9FDC0B /* Session.swift in Sources */,
				89ADF5F490B96085E99E510C /* SoundEffects.swift in Sources */,
				59A3A4BE607D2198DDD3609D /* TranscriptionHistoryItem.swift in Sources */,
				4A7942D230B46253EF1197E9 /* TranscriptionService.swift in Sources */,
				36887C99C4A72623E8C07753 /* WavWriter.swift in Sources */,
			);
			runOnlyForDeploymentPostprocessing = 0;
		};
		340C217C30B89E1E4F904BC6 /* Sources */ = {
			isa = PBXSourcesBuildPhase;
			buildActionMask = 2147483647;
			files = (
				638D545266F00C866046B177 /* BeeInputAppDelegate.swift in Sources */,
				04DA33E6805211526E03587B /* BeeInputController.swift in Sources */,
				C5FD939731D0805250AC95C8 /* BeeXPCService.swift in Sources */,
				16DED771E26A5CA7CBBDC636 /* main.swift in Sources */,
			);
			runOnlyForDeploymentPostprocessing = 0;
		};
/* End PBXSourcesBuildPhase section */

/* Begin XCBuildConfiguration section */
		22B7ADB9570659BC1759D0DC /* Debug */ = {
			isa = XCBuildConfiguration;
			buildSettings = {
				ASSETCATALOG_COMPILER_APPICON_NAME = AppIcon;
				CODE_SIGN_ENTITLEMENTS = bee/bee.entitlements;
				COMBINE_HIDPI_IMAGES = YES;
				ENABLE_APP_SANDBOX = NO;
				ENABLE_HARDENED_RUNTIME = YES;
				GENERATE_INFOPLIST_FILE = YES;
				HEADER_SEARCH_PATHS = "$(PROJECT_DIR)/../rust/bee-ffi/include";
				INFOPLIST_KEY_ATSApplicationFontsPath = Fonts;
				INFOPLIST_KEY_LSUIElement = YES;
				INFOPLIST_KEY_NSMicrophoneUsageDescription = "Bee needs microphone access for voice-to-text dictation.";
				LD_RUNPATH_SEARCH_PATHS = (
					"$(inherited)",
					"@executable_path/../Frameworks",
				);
				LIBRARY_SEARCH_PATHS = "$(PROJECT_DIR)/../target/release";
				OTHER_LDFLAGS = (
					"-lbee_ffi",
					"-lc++",
					"-framework",
					Metal,
					"-framework",
					MetalPerformanceShaders,
					"-framework",
					Accelerate,
					"-framework",
					Security,
					"-framework",
					SystemConfiguration,
				);
				PRODUCT_BUNDLE_IDENTIFIER = fasterthanlime.bee;
				SDKROOT = macosx;
				SWIFT_APPROACHABLE_CONCURRENCY = YES;
				SWIFT_DEFAULT_ACTOR_ISOLATION = nonisolated;
				SWIFT_OBJC_BRIDGING_HEADER = "bee/bee-Bridging-Header.h";
				SWIFT_UPCOMING_FEATURE_MEMBER_IMPORT_VISIBILITY = YES;
				SWIFT_VERSION = 6.0;
			};
			name = Debug;
		};
		5A3D880FA52A67238446C5FB /* Debug */ = {
			isa = XCBuildConfiguration;
			buildSettings = {
				ALWAYS_SEARCH_USER_PATHS = NO;
				CLANG_ANALYZER_NONNULL = YES;
				CLANG_ANALYZER_NUMBER_OBJECT_CONVERSION = YES_AGGRESSIVE;
				CLANG_CXX_LANGUAGE_STANDARD = "gnu++20";
				CLANG_CXX_LIBRARY = "libc++";
				CLANG_ENABLE_MODULES = YES;
				CLANG_ENABLE_OBJC_ARC = YES;
				CLANG_ENABLE_OBJC_WEAK = YES;
				CLANG_WARN_BLOCK_CAPTURE_AUTORELEASING = YES;
				CLANG_WARN_BOOL_CONVERSION = YES;
				CLANG_WARN_COMMA = YES;
				CLANG_WARN_CONSTANT_CONVERSION = YES;
				CLANG_WARN_DEPRECATED_OBJC_IMPLEMENTATIONS = YES;
				CLANG_WARN_DIRECT_OBJC_ISA_USAGE = YES_ERROR;
				CLANG_WARN_DOCUMENTATION_COMMENTS = YES;
				CLANG_WARN_EMPTY_BODY = YES;
				CLANG_WARN_ENUM_CONVERSION = YES;
				CLANG_WARN_INFINITE_RECURSION = YES;
				CLANG_WARN_INT_CONVERSION = YES;
				CLANG_WARN_NON_LITERAL_NULL_CONVERSION = YES;
				CLANG_WARN_OBJC_IMPLICIT_RETAIN_SELF = YES;
				CLANG_WARN_OBJC_LITERAL_CONVERSION = YES;
				CLANG_WARN_OBJC_ROOT_CLASS = YES_ERROR;
				CLANG_WARN_QUOTED_INCLUDE_IN_FRAMEWORK_HEADER = YES;
				CLANG_WARN_RANGE_LOOP_ANALYSIS = YES;
				CLANG_WARN_STRICT_PROTOTYPES = YES;
				CLANG_WARN_SUSPICIOUS_MOVE = YES;
				CLANG_WARN_UNGUARDED_AVAILABILITY = YES_AGGRESSIVE;
				CLANG_WARN_UNREACHABLE_CODE = YES;
				CLANG_WARN__DUPLICATE_METHOD_MATCH = YES;
				COPY_PHASE_STRIP = NO;
				DEBUG_INFORMATION_FORMAT = dwarf;
				DEVELOPMENT_TEAM = B2N6FSRTPV;
				ENABLE_STRICT_OBJC_MSGSEND = YES;
				ENABLE_TESTABILITY = YES;
				ENABLE_USER_SCRIPT_SANDBOXING = YES;
				GCC_C_LANGUAGE_STANDARD = gnu17;
				GCC_DYNAMIC_NO_PIC = NO;
				GCC_NO_COMMON_BLOCKS = YES;
				GCC_OPTIMIZATION_LEVEL = 0;
				GCC_PREPROCESSOR_DEFINITIONS = (
					"$(inherited)",
					"DEBUG=1",
				);
				GCC_WARN_64_TO_32_BIT_CONVERSION = YES;
				GCC_WARN_ABOUT_RETURN_TYPE = YES_ERROR;
				GCC_WARN_UNDECLARED_SELECTOR = YES;
				GCC_WARN_UNINITIALIZED_AUTOS = YES_AGGRESSIVE;
				GCC_WARN_UNUSED_FUNCTION = YES;
				GCC_WARN_UNUSED_VARIABLE = YES;
				MACOSX_DEPLOYMENT_TARGET = 15.0;
				MTL_ENABLE_DEBUG_INFO = INCLUDE_SOURCE;
				MTL_FAST_MATH = YES;
				ONLY_ACTIVE_ARCH = YES;
				PRODUCT_NAME = "$(TARGET_NAME)";
				SDKROOT = macosx;
				SWIFT_ACTIVE_COMPILATION_CONDITIONS = DEBUG;
				SWIFT_OPTIMIZATION_LEVEL = "-Onone";
				SWIFT_VERSION = 5.0;
			};
			name = Debug;
		};
		8A97E4337B542A88822D3522 /* Release */ = {
			isa = XCBuildConfiguration;
			buildSettings = {
				ASSETCATALOG_COMPILER_APPICON_NAME = AppIcon;
				CODE_SIGN_ENTITLEMENTS = bee/bee.entitlements;
				COMBINE_HIDPI_IMAGES = YES;
				ENABLE_APP_SANDBOX = NO;
				ENABLE_HARDENED_RUNTIME = YES;
				GENERATE_INFOPLIST_FILE = YES;
				HEADER_SEARCH_PATHS = "$(PROJECT_DIR)/../rust/bee-ffi/include";
				INFOPLIST_KEY_ATSApplicationFontsPath = Fonts;
				INFOPLIST_KEY_LSUIElement = YES;
				INFOPLIST_KEY_NSMicrophoneUsageDescription = "Bee needs microphone access for voice-to-text dictation.";
				LD_RUNPATH_SEARCH_PATHS = (
					"$(inherited)",
					"@executable_path/../Frameworks",
				);
				LIBRARY_SEARCH_PATHS = "$(PROJECT_DIR)/../target/release";
				OTHER_LDFLAGS = (
					"-lbee_ffi",
					"-lc++",
					"-framework",
					Metal,
					"-framework",
					MetalPerformanceShaders,
					"-framework",
					Accelerate,
					"-framework",
					Security,
					"-framework",
					SystemConfiguration,
				);
				PRODUCT_BUNDLE_IDENTIFIER = fasterthanlime.bee;
				SDKROOT = macosx;
				SWIFT_APPROACHABLE_CONCURRENCY = YES;
				SWIFT_DEFAULT_ACTOR_ISOLATION = nonisolated;
				SWIFT_OBJC_BRIDGING_HEADER = "bee/bee-Bridging-Header.h";
				SWIFT_UPCOMING_FEATURE_MEMBER_IMPORT_VISIBILITY = YES;
				SWIFT_VERSION = 6.0;
			};
			name = Release;
		};
		A306788A4227294407C4D5D2 /* Release */ = {
			isa = XCBuildConfiguration;
			buildSettings = {
				ASSETCATALOG_COMPILER_APPICON_NAME = AppIcon;
				COMBINE_HIDPI_IMAGES = YES;
				ENABLE_APP_SANDBOX = NO;
				ENABLE_HARDENED_RUNTIME = YES;
				GENERATE_INFOPLIST_FILE = NO;
				INFOPLIST_FILE = "bee-input/Info.plist";
				LD_RUNPATH_SEARCH_PATHS = (
					"$(inherited)",
					"@executable_path/../Frameworks",
				);
				PRODUCT_BUNDLE_IDENTIFIER = fasterthanlime.inputmethod.bee;
				PRODUCT_NAME = beeInput;
				SDKROOT = macosx;
				SWIFT_APPROACHABLE_CONCURRENCY = YES;
				SWIFT_DEFAULT_ACTOR_ISOLATION = MainActor;
				SWIFT_UPCOMING_FEATURE_MEMBER_IMPORT_VISIBILITY = YES;
				SWIFT_VERSION = 5.0;
			};
			name = Release;
		};
		B20FE4408CA2797ABB88A5EE /* Release */ = {
			isa = XCBuildConfiguration;
			buildSettings = {
				ALWAYS_SEARCH_USER_PATHS = NO;
				CLANG_ANALYZER_NONNULL = YES;
				CLANG_ANALYZER_NUMBER_OBJECT_CONVERSION = YES_AGGRESSIVE;
				CLANG_CXX_LANGUAGE_STANDARD = "gnu++20";
				CLANG_CXX_LIBRARY = "libc++";
				CLANG_ENABLE_MODULES = YES;
				CLANG_ENABLE_OBJC_ARC = YES;
				CLANG_ENABLE_OBJC_WEAK = YES;
				CLANG_WARN_BLOCK_CAPTURE_AUTORELEASING = YES;
				CLANG_WARN_BOOL_CONVERSION = YES;
				CLANG_WARN_COMMA = YES;
				CLANG_WARN_CONSTANT_CONVERSION = YES;
				CLANG_WARN_DEPRECATED_OBJC_IMPLEMENTATIONS = YES;
				CLANG_WARN_DIRECT_OBJC_ISA_USAGE = YES_ERROR;
				CLANG_WARN_DOCUMENTATION_COMMENTS = YES;
				CLANG_WARN_EMPTY_BODY = YES;
				CLANG_WARN_ENUM_CONVERSION = YES;
				CLANG_WARN_INFINITE_RECURSION = YES;
				CLANG_WARN_INT_CONVERSION = YES;
				CLANG_WARN_NON_LITERAL_NULL_CONVERSION = YES;
				CLANG_WARN_OBJC_IMPLICIT_RETAIN_SELF = YES;
				CLANG_WARN_OBJC_LITERAL_CONVERSION = YES;
				CLANG_WARN_OBJC_ROOT_CLASS = YES_ERROR;
				CLANG_WARN_QUOTED_INCLUDE_IN_FRAMEWORK_HEADER = YES;
				CLANG_WARN_RANGE_LOOP_ANALYSIS = YES;
				CLANG_WARN_STRICT_PROTOTYPES = YES;
				CLANG_WARN_SUSPICIOUS_MOVE = YES;
				CLANG_WARN_UNGUARDED_AVAILABILITY = YES_AGGRESSIVE;
				CLANG_WARN_UNREACHABLE_CODE = YES;
				CLANG_WARN__DUPLICATE_METHOD_MATCH = YES;
				COPY_PHASE_STRIP = NO;
				DEBUG_INFORMATION_FORMAT = "dwarf-with-dsym";
				DEVELOPMENT_TEAM = B2N6FSRTPV;
				ENABLE_NS_ASSERTIONS = NO;
				ENABLE_STRICT_OBJC_MSGSEND = YES;
				ENABLE_USER_SCRIPT_SANDBOXING = YES;
				GCC_C_LANGUAGE_STANDARD = gnu17;
				GCC_NO_COMMON_BLOCKS = YES;
				GCC_WARN_64_TO_32_BIT_CONVERSION = YES;
				GCC_WARN_ABOUT_RETURN_TYPE = YES_ERROR;
				GCC_WARN_UNDECLARED_SELECTOR = YES;
				GCC_WARN_UNINITIALIZED_AUTOS = YES_AGGRESSIVE;
				GCC_WARN_UNUSED_FUNCTION = YES;
				GCC_WARN_UNUSED_VARIABLE = YES;
				MACOSX_DEPLOYMENT_TARGET = 15.0;
				MTL_ENABLE_DEBUG_INFO = NO;
				MTL_FAST_MATH = YES;
				PRODUCT_NAME = "$(TARGET_NAME)";
				SDKROOT = macosx;
				SWIFT_COMPILATION_MODE = wholemodule;
				SWIFT_OPTIMIZATION_LEVEL = "-O";
				SWIFT_VERSION = 5.0;
			};
			name = Release;
		};
		D11356ACAD335322EA52A9A1 /* Debug */ = {
			isa = XCBuildConfiguration;
			buildSettings = {
				ASSETCATALOG_COMPILER_APPICON_NAME = AppIcon;
				COMBINE_HIDPI_IMAGES = YES;
				ENABLE_APP_SANDBOX = NO;
				ENABLE_HARDENED_RUNTIME = YES;
				GENERATE_INFOPLIST_FILE = NO;
				INFOPLIST_FILE = "bee-input/Info.plist";
				LD_RUNPATH_SEARCH_PATHS = (
					"$(inherited)",
					"@executable_path/../Frameworks",
				);
				PRODUCT_BUNDLE_IDENTIFIER = fasterthanlime.inputmethod.bee;
				PRODUCT_NAME = beeInput;
				SDKROOT = macosx;
				SWIFT_APPROACHABLE_CONCURRENCY = YES;
				SWIFT_DEFAULT_ACTOR_ISOLATION = MainActor;
				SWIFT_UPCOMING_FEATURE_MEMBER_IMPORT_VISIBILITY = YES;
				SWIFT_VERSION = 5.0;
			};
			name = Debug;
		};
/* End XCBuildConfiguration section */

/* Begin XCConfigurationList section */
		C3B0E177EEA98B0940DD1A57 /* Build configuration list for PBXNativeTarget "bee" */ = {
			isa = XCConfigurationList;
			buildConfigurations = (
				22B7ADB9570659BC1759D0DC /* Debug */,
				8A97E4337B542A88822D3522 /* Release */,
			);
			defaultConfigurationIsVisible = 0;
			defaultConfigurationName = Release;
		};
		E60212EE7CE0AC29551D2CB2 /* Build configuration list for PBXNativeTarget "beeInput" */ = {
			isa = XCConfigurationList;
			buildConfigurations = (
				D11356ACAD335322EA52A9A1 /* Debug */,
				A306788A4227294407C4D5D2 /* Release */,
			);
			defaultConfigurationIsVisible = 0;
			defaultConfigurationName = Release;
		};
		F6CAEEA1A727101382591196 /* Build configuration list for PBXProject "bee" */ = {
			isa = XCConfigurationList;
			buildConfigurations = (
				5A3D880FA52A67238446C5FB /* Debug */,
				B20FE4408CA2797ABB88A5EE /* Release */,
			);
			defaultConfigurationIsVisible = 0;
			defaultConfigurationName = Release;
		};
/* End XCConfigurationList section */
	};
	rootObject = DA18FE9DB54A783047FBDEA6 /* Project object */;
}
