// !$*UTF8*$!
{
	archiveVersion = 1;
	classes = {
	};
	objectVersion = 77;
	objects = {

/* Begin PBXBuildFile section */
		04DA33E6805211526E03587B /* BeeInputController.swift in Sources */ = {isa = PBXBuildFile; fileRef = BBB5FE976B1CF01CA031AF66 /* BeeInputController.swift */; };
		16DED771E26A5CA7CBBDC636 /* main.swift in Sources */ = {isa = PBXBuildFile; fileRef = C26401964247ABA42B4ADCA3 /* main.swift */; };
		18C4D1CD48058E42BE280714 /* bee-commit-submit.wav in Resources */ = {isa = PBXBuildFile; fileRef = FEBEFD36006AA4E0F3C06018 /* bee-commit-submit.wav */; };
		1F38F60B80B1849641559C85 /* ImeIPC.swift in Sources */ = {isa = PBXBuildFile; fileRef = 6A8E30F5100CC6A2C440613A /* ImeIPC.swift */; };
		267F48ED7025F3C068F6D04A /* DebugOverlay.swift in Sources */ = {isa = PBXBuildFile; fileRef = 3CCEE7C20F26099D82D42387 /* DebugOverlay.swift */; };
		29ACCEA70218A641A96EBEF9 /* BeeVoxIMEClient.swift in Sources */ = {isa = PBXBuildFile; fileRef = 11AEEB5B847C6933C564D6EC /* BeeVoxIMEClient.swift */; };
		29E8A763B547C38705BA90F2 /* BeeBrokerProtocol.swift in Sources */ = {isa = PBXBuildFile; fileRef = 3875771843FEF99CA889E51D /* BeeBrokerProtocol.swift */; };
		2B877E72AFA9A4D05B9FDC0B /* Session.swift in Sources */ = {isa = PBXBuildFile; fileRef = 676164F78A7A1315DBA4D712 /* Session.swift */; };
		2BAE7612802B29D35EA976D7 /* bee-commit.wav in Resources */ = {isa = PBXBuildFile; fileRef = 562E4DCCA4CCA0B2CB287B0E /* bee-commit.wav */; };
		35DC10440BE4DBE469EAC11B /* BeeIPCServer.swift in Sources */ = {isa = PBXBuildFile; fileRef = 2B25DCFC5934E57F7D465EDE /* BeeIPCServer.swift */; };
		36887C99C4A72623E8C07753 /* WavWriter.swift in Sources */ = {isa = PBXBuildFile; fileRef = 6951E22DA75EDA0015EF0D08 /* WavWriter.swift */; };
		38E7D30C43C23FB59D340DD8 /* bee.tiff in Resources */ = {isa = PBXBuildFile; fileRef = DCCA3D090BBD0D5701645658 /* bee.tiff */; };
		399C961D05BC240181C7E5F0 /* AppIPC.swift in Sources */ = {isa = PBXBuildFile; fileRef = E3CA4BACD7F83C4C2F24EA03 /* AppIPC.swift */; };
		3C5A7E5CCBEA4AC62E33D88B /* DebugPanel.swift in Sources */ = {isa = PBXBuildFile; fileRef = 8597D72025F09D1E04C3B095 /* DebugPanel.swift */; };
		3C5C473887772CFDAA7535EE /* MenuBarView.swift in Sources */ = {isa = PBXBuildFile; fileRef = F154B4296E76BCBEDD666C34 /* MenuBarView.swift */; };
		4335D0C20A8824861A2AAA67 /* beeTemplate.tiff in Resources */ = {isa = PBXBuildFile; fileRef = 6AEB22F163C305E4983946FF /* beeTemplate.tiff */; };
		4A7942D230B46253EF1197E9 /* TranscriptionService.swift in Sources */ = {isa = PBXBuildFile; fileRef = 2F7D08BD88D7C596EA782773 /* TranscriptionService.swift */; };
		514D623CFD4058E05CD66C26 /* bee-symbols.ttf in Resources */ = {isa = PBXBuildFile; fileRef = 3373155088BFE82A77DBEB84 /* bee-symbols.ttf */; };
		5371F0C2104FC35C2BD05B8C /* bee-start-failure.wav in Resources */ = {isa = PBXBuildFile; fileRef = C6ADFA5F8174FA06ABEE475C /* bee-start-failure.wav */; };
		5883246C3EB0561FA42BBD5E /* AppIPC.swift in Sources */ = {isa = PBXBuildFile; fileRef = E3CA4BACD7F83C4C2F24EA03 /* AppIPC.swift */; };
		599EE6A4E7B1CA2D6CE47107 /* AudioEngine.swift in Sources */ = {isa = PBXBuildFile; fileRef = 221AD035A01421E2640E350E /* AudioEngine.swift */; };
		59A3A4BE607D2198DDD3609D /* TranscriptionHistoryItem.swift in Sources */ = {isa = PBXBuildFile; fileRef = FC8AFB3851834181E8F4EF77 /* TranscriptionHistoryItem.swift */; };
		5BAC477D9108D6517E32E7DF /* Assets.xcassets in Resources */ = {isa = PBXBuildFile; fileRef = 2A7D3D2469CBFB9FF5D9FD91 /* Assets.xcassets */; };
		61BD0331407809E8C17102E8 /* InputMethodKit.framework in Frameworks */ = {isa = PBXBuildFile; fileRef = 44D01D1FC50FBE993FD0716F /* InputMethodKit.framework */; };
		638D545266F00C866046B177 /* BeeInputAppDelegate.swift in Sources */ = {isa = PBXBuildFile; fileRef = 2F54E5F987731158C437D997 /* BeeInputAppDelegate.swift */; };
		66493E87798EF2D09BC1BC43 /* BeeInputClient.swift in Sources */ = {isa = PBXBuildFile; fileRef = 0AA018C194359C6E4CE7BA63 /* BeeInputClient.swift */; };
		716B5A2C281272363E022D04 /* main.swift in Sources */ = {isa = PBXBuildFile; fileRef = D8816A652794FA20AF7A8127 /* main.swift */; };
		8811BC0A824B6F88EECA270F /* BeeIMEBridgeState.swift in Sources */ = {isa = PBXBuildFile; fileRef = 42C5774A124F08F4B8474598 /* BeeIMEBridgeState.swift */; };
		89ADF5F490B96085E99E510C /* SoundEffects.swift in Sources */ = {isa = PBXBuildFile; fileRef = A4E52C13C56D37363BA384EF /* SoundEffects.swift */; };
		A0F9BEBEB9261B95F371C39B /* VoxRuntime in Frameworks */ = {isa = PBXBuildFile; productRef = EF1B861B1D04035E64E28C57 /* VoxRuntime */; };
		A89EB81687A6FFE36871EF8F /* bee-cancel.wav in Resources */ = {isa = PBXBuildFile; fileRef = 37F08633E13558AA02437706 /* bee-cancel.wav */; };
		AB7C46C9D52C101086006E85 /* VoxRuntime in Frameworks */ = {isa = PBXBuildFile; productRef = F0443A793174C93FF149DD12 /* VoxRuntime */; };
		ADA9083DFC2A9EDCB6698240 /* AudioPipeline.swift in Sources */ = {isa = PBXBuildFile; fileRef = F0BF06C76650D4E68E461F7C /* AudioPipeline.swift */; };
		B60F390049F45E66073B89EB /* BeeBrokerProtocol.swift in Sources */ = {isa = PBXBuildFile; fileRef = 3875771843FEF99CA889E51D /* BeeBrokerProtocol.swift */; };
		C6A6931AC5A1DA12F122D2A2 /* ImeIPC.swift in Sources */ = {isa = PBXBuildFile; fileRef = 6A8E30F5100CC6A2C440613A /* ImeIPC.swift */; };
		CBCFB60C6AD15C7139FA20EF /* README.md in Resources */ = {isa = PBXBuildFile; fileRef = 603105EA633577026CEE2CC0 /* README.md */; };
		D70AC6C318840E971BF24ADB /* HotkeyMonitor.swift in Sources */ = {isa = PBXBuildFile; fileRef = 977266C3895F1E154E74F051 /* HotkeyMonitor.swift */; };
		D7209C16253CC12AD94B8CED /* BeeBrokerProtocol.swift in Sources */ = {isa = PBXBuildFile; fileRef = 3875771843FEF99CA889E51D /* BeeBrokerProtocol.swift */; };
		DC35DFDBCF6C52FA6E0A690A /* Assets.xcassets in Resources */ = {isa = PBXBuildFile; fileRef = 5A35BE9759CA9C8519D87363 /* Assets.xcassets */; };
		E2A0D8D0832AC86EC326F654 /* bee-recording-started.wav in Resources */ = {isa = PBXBuildFile; fileRef = 1C71D5EE1E044D47FB362F47 /* bee-recording-started.wav */; };
		EAD815EAA627296BFA0C4EA3 /* BeeApp.swift in Sources */ = {isa = PBXBuildFile; fileRef = 7059CA841745C6E21DA830A3 /* BeeApp.swift */; };
		F93A846E10BB3E70003F07C6 /* STTModelDefinition.swift in Sources */ = {isa = PBXBuildFile; fileRef = 5639654E7D993F82C6C5ED91 /* STTModelDefinition.swift */; };
		FA204872D43101C367B49C40 /* AudioDiagnostics.swift in Sources */ = {isa = PBXBuildFile; fileRef = 474050E42EB9FF6AFCF33BDC /* AudioDiagnostics.swift */; };
		FCE25FA72869D4A5885A40D0 /* AppState.swift in Sources */ = {isa = PBXBuildFile; fileRef = 0F2645E6EBE2D4D3E1BFA17C /* AppState.swift */; };
/* End PBXBuildFile section */

/* Begin PBXContainerItemProxy section */
		D2627841E8CFC16F99971717 /* PBXContainerItemProxy */ = {
			isa = PBXContainerItemProxy;
			containerPortal = DA18FE9DB54A783047FBDEA6 /* Project object */;
			proxyType = 1;
			remoteGlobalIDString = 891B7C31943E46D3967A432C;
			remoteInfo = beeInput;
		};
/* End PBXContainerItemProxy section */

/* Begin PBXFileReference section */
		0300BA95CC38B38C4330297E /* beeInput.entitlements */ = {isa = PBXFileReference; lastKnownFileType = text.plist.entitlements; path = beeInput.entitlements; sourceTree = "<group>"; };
		0AA018C194359C6E4CE7BA63 /* BeeInputClient.swift */ = {isa = PBXFileReference; lastKnownFileType = sourcecode.swift; path = BeeInputClient.swift; sourceTree = "<group>"; };
		0F2645E6EBE2D4D3E1BFA17C /* AppState.swift */ = {isa = PBXFileReference; lastKnownFileType = sourcecode.swift; path = AppState.swift; sourceTree = "<group>"; };
		11AEEB5B847C6933C564D6EC /* BeeVoxIMEClient.swift */ = {isa = PBXFileReference; lastKnownFileType = sourcecode.swift; path = BeeVoxIMEClient.swift; sourceTree = "<group>"; };
		150E7F5961D4B0D13C2D78C8 /* Info.plist */ = {isa = PBXFileReference; lastKnownFileType = text.plist; path = Info.plist; sourceTree = "<group>"; };
		1C71D5EE1E044D47FB362F47 /* bee-recording-started.wav */ = {isa = PBXFileReference; lastKnownFileType = audio.wav; path = "bee-recording-started.wav"; sourceTree = "<group>"; };
		221AD035A01421E2640E350E /* AudioEngine.swift */ = {isa = PBXFileReference; lastKnownFileType = sourcecode.swift; path = AudioEngine.swift; sourceTree = "<group>"; };
		2A7D3D2469CBFB9FF5D9FD91 /* Assets.xcassets */ = {isa = PBXFileReference; lastKnownFileType = folder.assetcatalog; path = Assets.xcassets; sourceTree = "<group>"; };
		2B25DCFC5934E57F7D465EDE /* BeeIPCServer.swift */ = {isa = PBXFileReference; lastKnownFileType = sourcecode.swift; path = BeeIPCServer.swift; sourceTree = "<group>"; };
		2F54E5F987731158C437D997 /* BeeInputAppDelegate.swift */ = {isa = PBXFileReference; lastKnownFileType = sourcecode.swift; path = BeeInputAppDelegate.swift; sourceTree = "<group>"; };
		2F7D08BD88D7C596EA782773 /* TranscriptionService.swift */ = {isa = PBXFileReference; lastKnownFileType = sourcecode.swift; path = TranscriptionService.swift; sourceTree = "<group>"; };
		3373155088BFE82A77DBEB84 /* bee-symbols.ttf */ = {isa = PBXFileReference; lastKnownFileType = file; path = "bee-symbols.ttf"; sourceTree = "<group>"; };
		37F08633E13558AA02437706 /* bee-cancel.wav */ = {isa = PBXFileReference; lastKnownFileType = audio.wav; path = "bee-cancel.wav"; sourceTree = "<group>"; };
		3875771843FEF99CA889E51D /* BeeBrokerProtocol.swift */ = {isa = PBXFileReference; lastKnownFileType = sourcecode.swift; path = BeeBrokerProtocol.swift; sourceTree = "<group>"; };
		3CCEE7C20F26099D82D42387 /* DebugOverlay.swift */ = {isa = PBXFileReference; lastKnownFileType = sourcecode.swift; path = DebugOverlay.swift; sourceTree = "<group>"; };
		41126B678A8FDC75629B0B30 /* bee.entitlements */ = {isa = PBXFileReference; lastKnownFileType = text.plist.entitlements; path = bee.entitlements; sourceTree = "<group>"; };
		42C5774A124F08F4B8474598 /* BeeIMEBridgeState.swift */ = {isa = PBXFileReference; lastKnownFileType = sourcecode.swift; path = BeeIMEBridgeState.swift; sourceTree = "<group>"; };
		4337136F79C38C42B8B2E91A /* beeBroker */ = {isa = PBXFileReference; includeInIndex = 0; path = beeBroker; sourceTree = BUILT_PRODUCTS_DIR; };
		44D01D1FC50FBE993FD0716F /* InputMethodKit.framework */ = {isa = PBXFileReference; lastKnownFileType = wrapper.framework; name = InputMethodKit.framework; path = System/Library/Frameworks/InputMethodKit.framework; sourceTree = SDKROOT; };
		474050E42EB9FF6AFCF33BDC /* AudioDiagnostics.swift */ = {isa = PBXFileReference; lastKnownFileType = sourcecode.swift; path = AudioDiagnostics.swift; sourceTree = "<group>"; };
		562E4DCCA4CCA0B2CB287B0E /* bee-commit.wav */ = {isa = PBXFileReference; lastKnownFileType = audio.wav; path = "bee-commit.wav"; sourceTree = "<group>"; };
		5639654E7D993F82C6C5ED91 /* STTModelDefinition.swift */ = {isa = PBXFileReference; lastKnownFileType = sourcecode.swift; path = STTModelDefinition.swift; sourceTree = "<group>"; };
		5A35BE9759CA9C8519D87363 /* Assets.xcassets */ = {isa = PBXFileReference; lastKnownFileType = folder.assetcatalog; path = Assets.xcassets; sourceTree = "<group>"; };
		603105EA633577026CEE2CC0 /* README.md */ = {isa = PBXFileReference; lastKnownFileType = net.daringfireball.markdown; path = README.md; sourceTree = "<group>"; };
		676164F78A7A1315DBA4D712 /* Session.swift */ = {isa = PBXFileReference; lastKnownFileType = sourcecode.swift; path = Session.swift; sourceTree = "<group>"; };
		6951E22DA75EDA0015EF0D08 /* WavWriter.swift */ = {isa = PBXFileReference; lastKnownFileType = sourcecode.swift; path = WavWriter.swift; sourceTree = "<group>"; };
		6A8E30F5100CC6A2C440613A /* ImeIPC.swift */ = {isa = PBXFileReference; lastKnownFileType = sourcecode.swift; path = ImeIPC.swift; sourceTree = "<group>"; };
		6AEB22F163C305E4983946FF /* beeTemplate.tiff */ = {isa = PBXFileReference; lastKnownFileType = image.tiff; path = beeTemplate.tiff; sourceTree = "<group>"; };
		7059CA841745C6E21DA830A3 /* BeeApp.swift */ = {isa = PBXFileReference; lastKnownFileType = sourcecode.swift; path = BeeApp.swift; sourceTree = "<group>"; };
		8597D72025F09D1E04C3B095 /* DebugPanel.swift */ = {isa = PBXFileReference; lastKnownFileType = sourcecode.swift; path = DebugPanel.swift; sourceTree = "<group>"; };
		977266C3895F1E154E74F051 /* HotkeyMonitor.swift */ = {isa = PBXFileReference; lastKnownFileType = sourcecode.swift; path = HotkeyMonitor.swift; sourceTree = "<group>"; };
		A4E52C13C56D37363BA384EF /* SoundEffects.swift */ = {isa = PBXFileReference; lastKnownFileType = sourcecode.swift; path = SoundEffects.swift; sourceTree = "<group>"; };
		ACC2C13E80A8EB858DA92EC7 /* bee.app */ = {isa = PBXFileReference; explicitFileType = wrapper.application; includeInIndex = 0; path = bee.app; sourceTree = BUILT_PRODUCTS_DIR; };
		BBB5FE976B1CF01CA031AF66 /* BeeInputController.swift */ = {isa = PBXFileReference; lastKnownFileType = sourcecode.swift; path = BeeInputController.swift; sourceTree = "<group>"; };
		C26401964247ABA42B4ADCA3 /* main.swift */ = {isa = PBXFileReference; lastKnownFileType = sourcecode.swift; path = main.swift; sourceTree = "<group>"; };
		C6ADFA5F8174FA06ABEE475C /* bee-start-failure.wav */ = {isa = PBXFileReference; lastKnownFileType = audio.wav; path = "bee-start-failure.wav"; sourceTree = "<group>"; };
		D8816A652794FA20AF7A8127 /* main.swift */ = {isa = PBXFileReference; lastKnownFileType = sourcecode.swift; path = main.swift; sourceTree = "<group>"; };
		DCCA3D090BBD0D5701645658 /* bee.tiff */ = {isa = PBXFileReference; lastKnownFileType = image.tiff; path = bee.tiff; sourceTree = "<group>"; };
		E27C82D82C5DDA273AC36889 /* beeInput.app */ = {isa = PBXFileReference; explicitFileType = wrapper.application; includeInIndex = 0; path = beeInput.app; sourceTree = BUILT_PRODUCTS_DIR; };
		E3CA4BACD7F83C4C2F24EA03 /* AppIPC.swift */ = {isa = PBXFileReference; lastKnownFileType = sourcecode.swift; path = AppIPC.swift; sourceTree = "<group>"; };
		F0BF06C76650D4E68E461F7C /* AudioPipeline.swift */ = {isa = PBXFileReference; lastKnownFileType = sourcecode.swift; path = AudioPipeline.swift; sourceTree = "<group>"; };
		F154B4296E76BCBEDD666C34 /* MenuBarView.swift */ = {isa = PBXFileReference; lastKnownFileType = sourcecode.swift; path = MenuBarView.swift; sourceTree = "<group>"; };
		FC8AFB3851834181E8F4EF77 /* TranscriptionHistoryItem.swift */ = {isa = PBXFileReference; lastKnownFileType = sourcecode.swift; path = TranscriptionHistoryItem.swift; sourceTree = "<group>"; };
		FEBEFD36006AA4E0F3C06018 /* bee-commit-submit.wav */ = {isa = PBXFileReference; lastKnownFileType = audio.wav; path = "bee-commit-submit.wav"; sourceTree = "<group>"; };
/* End PBXFileReference section */

/* Begin PBXFrameworksBuildPhase section */
		59851F140260C17B14FB4366 /* Frameworks */ = {
			isa = PBXFrameworksBuildPhase;
			buildActionMask = 2147483647;
			files = (
				61BD0331407809E8C17102E8 /* InputMethodKit.framework in Frameworks */,
				A0F9BEBEB9261B95F371C39B /* VoxRuntime in Frameworks */,
			);
			runOnlyForDeploymentPostprocessing = 0;
		};
		8064876F46E169AA46B16AC0 /* Frameworks */ = {
			isa = PBXFrameworksBuildPhase;
			buildActionMask = 2147483647;
			files = (
				AB7C46C9D52C101086006E85 /* VoxRuntime in Frameworks */,
			);
			runOnlyForDeploymentPostprocessing = 0;
		};
/* End PBXFrameworksBuildPhase section */

/* Begin PBXGroup section */
		0593C333226D7927B2F2D5F3 /* Sounds */ = {
			isa = PBXGroup;
			children = (
				37F08633E13558AA02437706 /* bee-cancel.wav */,
				FEBEFD36006AA4E0F3C06018 /* bee-commit-submit.wav */,
				562E4DCCA4CCA0B2CB287B0E /* bee-commit.wav */,
				1C71D5EE1E044D47FB362F47 /* bee-recording-started.wav */,
				C6ADFA5F8174FA06ABEE475C /* bee-start-failure.wav */,
				603105EA633577026CEE2CC0 /* README.md */,
			);
			path = Sounds;
			sourceTree = "<group>";
		};
		1A0961E2FC894633F169BD7D /* Views */ = {
			isa = PBXGroup;
			children = (
				474050E42EB9FF6AFCF33BDC /* AudioDiagnostics.swift */,
				3CCEE7C20F26099D82D42387 /* DebugOverlay.swift */,
				8597D72025F09D1E04C3B095 /* DebugPanel.swift */,
				F154B4296E76BCBEDD666C34 /* MenuBarView.swift */,
			);
			path = Views;
			sourceTree = "<group>";
		};
		33F39B0FB3877056B6DC99EB /* vox-shared */ = {
			isa = PBXGroup;
			children = (
				E3CA4BACD7F83C4C2F24EA03 /* AppIPC.swift */,
				6A8E30F5100CC6A2C440613A /* ImeIPC.swift */,
			);
			path = "vox-shared";
			sourceTree = "<group>";
		};
		3C4755D7171C9A5834B9180D /* bee-input */ = {
			isa = PBXGroup;
			children = (
				2A7D3D2469CBFB9FF5D9FD91 /* Assets.xcassets */,
				DCCA3D090BBD0D5701645658 /* bee.tiff */,
				42C5774A124F08F4B8474598 /* BeeIMEBridgeState.swift */,
				0300BA95CC38B38C4330297E /* beeInput.entitlements */,
				2F54E5F987731158C437D997 /* BeeInputAppDelegate.swift */,
				BBB5FE976B1CF01CA031AF66 /* BeeInputController.swift */,
				6AEB22F163C305E4983946FF /* beeTemplate.tiff */,
				11AEEB5B847C6933C564D6EC /* BeeVoxIMEClient.swift */,
				150E7F5961D4B0D13C2D78C8 /* Info.plist */,
				C26401964247ABA42B4ADCA3 /* main.swift */,
			);
			path = "bee-input";
			sourceTree = "<group>";
		};
		44E81B4665D7850010F15D72 /* Models */ = {
			isa = PBXGroup;
			children = (
				5639654E7D993F82C6C5ED91 /* STTModelDefinition.swift */,
				FC8AFB3851834181E8F4EF77 /* TranscriptionHistoryItem.swift */,
			);
			path = Models;
			sourceTree = "<group>";
		};
		5F140DA35DA28E6DC02B219D /* bee-broker */ = {
			isa = PBXGroup;
			children = (
				D8816A652794FA20AF7A8127 /* main.swift */,
			);
			path = "bee-broker";
			sourceTree = "<group>";
		};
		697DD1AAABC63BCBFAE29FDB /* Products */ = {
			isa = PBXGroup;
			children = (
				ACC2C13E80A8EB858DA92EC7 /* bee.app */,
				4337136F79C38C42B8B2E91A /* beeBroker */,
				E27C82D82C5DDA273AC36889 /* beeInput.app */,
			);
			name = Products;
			sourceTree = "<group>";
		};
		A29E6926A89DC7C05360F73E /* shared */ = {
			isa = PBXGroup;
			children = (
				3875771843FEF99CA889E51D /* BeeBrokerProtocol.swift */,
			);
			path = shared;
			sourceTree = "<group>";
		};
		AC2E63CD19B3E255DCD31E1C /* Frameworks */ = {
			isa = PBXGroup;
			children = (
				44D01D1FC50FBE993FD0716F /* InputMethodKit.framework */,
			);
			name = Frameworks;
			sourceTree = "<group>";
		};
		AE7AA50185587FFF73A786FE /* Fonts */ = {
			isa = PBXGroup;
			children = (
				3373155088BFE82A77DBEB84 /* bee-symbols.ttf */,
			);
			path = Fonts;
			sourceTree = "<group>";
		};
		B5B81CB48103AC5B7169DEE4 /* bee */ = {
			isa = PBXGroup;
			children = (
				0F2645E6EBE2D4D3E1BFA17C /* AppState.swift */,
				5A35BE9759CA9C8519D87363 /* Assets.xcassets */,
				221AD035A01421E2640E350E /* AudioEngine.swift */,
				F0BF06C76650D4E68E461F7C /* AudioPipeline.swift */,
				41126B678A8FDC75629B0B30 /* bee.entitlements */,
				7059CA841745C6E21DA830A3 /* BeeApp.swift */,
				977266C3895F1E154E74F051 /* HotkeyMonitor.swift */,
				676164F78A7A1315DBA4D712 /* Session.swift */,
				A4E52C13C56D37363BA384EF /* SoundEffects.swift */,
				AE7AA50185587FFF73A786FE /* Fonts */,
				44E81B4665D7850010F15D72 /* Models */,
				F2AD318CDACC7F7F4250B2E0 /* Services */,
				0593C333226D7927B2F2D5F3 /* Sounds */,
				1A0961E2FC894633F169BD7D /* Views */,
			);
			path = bee;
			sourceTree = "<group>";
		};
		CC665285516FF0C09607452E = {
			isa = PBXGroup;
			children = (
				B5B81CB48103AC5B7169DEE4 /* bee */,
				5F140DA35DA28E6DC02B219D /* bee-broker */,
				3C4755D7171C9A5834B9180D /* bee-input */,
				A29E6926A89DC7C05360F73E /* shared */,
				33F39B0FB3877056B6DC99EB /* vox-shared */,
				AC2E63CD19B3E255DCD31E1C /* Frameworks */,
				697DD1AAABC63BCBFAE29FDB /* Products */,
			);
			sourceTree = "<group>";
		};
		F2AD318CDACC7F7F4250B2E0 /* Services */ = {
			isa = PBXGroup;
			children = (
				0AA018C194359C6E4CE7BA63 /* BeeInputClient.swift */,
				2B25DCFC5934E57F7D465EDE /* BeeIPCServer.swift */,
				2F7D08BD88D7C596EA782773 /* TranscriptionService.swift */,
				6951E22DA75EDA0015EF0D08 /* WavWriter.swift */,
			);
			path = Services;
			sourceTree = "<group>";
		};
/* End PBXGroup section */

/* Begin PBXNativeTarget section */
		01CB3F093F86D1C0EA056F5D /* bee */ = {
			isa = PBXNativeTarget;
			buildConfigurationList = C3B0E177EEA98B0940DD1A57 /* Build configuration list for PBXNativeTarget "bee" */;
			buildPhases = (
				198A194B415B1DC8B9969EE0 /* Sources */,
				32B125BC2E0C12F049D06B2E /* Resources */,
				8064876F46E169AA46B16AC0 /* Frameworks */,
				DE0CE43CE8DC5AF4D34746C5 /* Embed beeInput Input Method */,
			);
			buildRules = (
			);
			dependencies = (
				15583BDFE0F797E1409CD212 /* PBXTargetDependency */,
			);
			name = bee;
			packageProductDependencies = (
				F0443A793174C93FF149DD12 /* VoxRuntime */,
			);
			productName = bee;
			productReference = ACC2C13E80A8EB858DA92EC7 /* bee.app */;
			productType = "com.apple.product-type.application";
		};
		891B7C31943E46D3967A432C /* beeInput */ = {
			isa = PBXNativeTarget;
			buildConfigurationList = E60212EE7CE0AC29551D2CB2 /* Build configuration list for PBXNativeTarget "beeInput" */;
			buildPhases = (
				340C217C30B89E1E4F904BC6 /* Sources */,
				20AF37F961BC888AB953D49D /* Resources */,
				59851F140260C17B14FB4366 /* Frameworks */,
			);
			buildRules = (
			);
			dependencies = (
			);
			name = beeInput;
			packageProductDependencies = (
				EF1B861B1D04035E64E28C57 /* VoxRuntime */,
			);
			productName = beeInput;
			productReference = E27C82D82C5DDA273AC36889 /* beeInput.app */;
			productType = "com.apple.product-type.application";
		};
		C2999C136F5CC0483B62F45B /* beeBroker */ = {
			isa = PBXNativeTarget;
			buildConfigurationList = F22325494C7401AC3BF4AE13 /* Build configuration list for PBXNativeTarget "beeBroker" */;
			buildPhases = (
				D2655F88C500EE6726575245 /* Sources */,
			);
			buildRules = (
			);
			dependencies = (
			);
			name = beeBroker;
			packageProductDependencies = (
			);
			productName = beeBroker;
			productReference = 4337136F79C38C42B8B2E91A /* beeBroker */;
			productType = "com.apple.product-type.tool";
		};
/* End PBXNativeTarget section */

/* Begin PBXProject section */
		DA18FE9DB54A783047FBDEA6 /* Project object */ = {
			isa = PBXProject;
			attributes = {
				BuildIndependentTargetsInParallel = YES;
				LastUpgradeCheck = 1630;
				TargetAttributes = {
					01CB3F093F86D1C0EA056F5D = {
						DevelopmentTeam = B2N6FSRTPV;
					};
					891B7C31943E46D3967A432C = {
						DevelopmentTeam = B2N6FSRTPV;
					};
					C2999C136F5CC0483B62F45B = {
						DevelopmentTeam = B2N6FSRTPV;
					};
				};
			};
			buildConfigurationList = F6CAEEA1A727101382591196 /* Build configuration list for PBXProject "bee" */;
			developmentRegion = en;
			hasScannedForEncodings = 0;
			knownRegions = (
				Base,
				en,
			);
			mainGroup = CC665285516FF0C09607452E;
			minimizedProjectReferenceProxies = 1;
			packageReferences = (
				690A6C8DBBE7B3742D760635 /* XCRemoteSwiftPackageReference "vox" */,
			);
			preferredProjectObjectVersion = 77;
			productRefGroup = 697DD1AAABC63BCBFAE29FDB /* Products */;
			projectDirPath = "";
			projectRoot = "";
			targets = (
				01CB3F093F86D1C0EA056F5D /* bee */,
				C2999C136F5CC0483B62F45B /* beeBroker */,
				891B7C31943E46D3967A432C /* beeInput */,
			);
		};
/* End PBXProject section */

/* Begin PBXResourcesBuildPhase section */
		20AF37F961BC888AB953D49D /* Resources */ = {
			isa = PBXResourcesBuildPhase;
			buildActionMask = 2147483647;
			files = (
				5BAC477D9108D6517E32E7DF /* Assets.xcassets in Resources */,
				38E7D30C43C23FB59D340DD8 /* bee.tiff in Resources */,
				4335D0C20A8824861A2AAA67 /* beeTemplate.tiff in Resources */,
			);
			runOnlyForDeploymentPostprocessing = 0;
		};
		32B125BC2E0C12F049D06B2E /* Resources */ = {
			isa = PBXResourcesBuildPhase;
			buildActionMask = 2147483647;
			files = (
				DC35DFDBCF6C52FA6E0A690A /* Assets.xcassets in Resources */,
				CBCFB60C6AD15C7139FA20EF /* README.md in Resources */,
				A89EB81687A6FFE36871EF8F /* bee-cancel.wav in Resources */,
				18C4D1CD48058E42BE280714 /* bee-commit-submit.wav in Resources */,
				2BAE7612802B29D35EA976D7 /* bee-commit.wav in Resources */,
				E2A0D8D0832AC86EC326F654 /* bee-recording-started.wav in Resources */,
				5371F0C2104FC35C2BD05B8C /* bee-start-failure.wav in Resources */,
				514D623CFD4058E05CD66C26 /* bee-symbols.ttf in Resources */,
			);
			runOnlyForDeploymentPostprocessing = 0;
		};
/* End PBXResourcesBuildPhase section */

/* Begin PBXShellScriptBuildPhase section */
		DE0CE43CE8DC5AF4D34746C5 /* Embed beeInput Input Method */ = {
			isa = PBXShellScriptBuildPhase;
			alwaysOutOfDate = 1;
			buildActionMask = 2147483647;
			files = (
			);
			inputFileListPaths = (
			);
			inputPaths = (
			);
			name = "Embed beeInput Input Method";
			outputFileListPaths = (
			);
			outputPaths = (
			);
			runOnlyForDeploymentPostprocessing = 0;
			shellPath = /bin/sh;
			shellScript = "DEST=\"${BUILT_PRODUCTS_DIR}/${CONTENTS_FOLDER_PATH}/Library/Input Methods\"\nmkdir -p \"${DEST}\"\nrsync -a --delete \"${BUILT_PRODUCTS_DIR}/beeInput.app\" \"${DEST}/\"\n";
		};
/* End PBXShellScriptBuildPhase section */

/* Begin PBXSourcesBuildPhase section */
		198A194B415B1DC8B9969EE0 /* Sources */ = {
			isa = PBXSourcesBuildPhase;
			buildActionMask = 2147483647;
			files = (
				5883246C3EB0561FA42BBD5E /* AppIPC.swift in Sources */,
				FCE25FA72869D4A5885A40D0 /* AppState.swift in Sources */,
				FA204872D43101C367B49C40 /* AudioDiagnostics.swift in Sources */,
				599EE6A4E7B1CA2D6CE47107 /* AudioEngine.swift in Sources */,
				ADA9083DFC2A9EDCB6698240 /* AudioPipeline.swift in Sources */,
				EAD815EAA627296BFA0C4EA3 /* BeeApp.swift in Sources */,
				D7209C16253CC12AD94B8CED /* BeeBrokerProtocol.swift in Sources */,
				35DC10440BE4DBE469EAC11B /* BeeIPCServer.swift in Sources */,
				66493E87798EF2D09BC1BC43 /* BeeInputClient.swift in Sources */,
				267F48ED7025F3C068F6D04A /* DebugOverlay.swift in Sources */,
				3C5A7E5CCBEA4AC62E33D88B /* DebugPanel.swift in Sources */,
				D70AC6C318840E971BF24ADB /* HotkeyMonitor.swift in Sources */,
				C6A6931AC5A1DA12F122D2A2 /* ImeIPC.swift in Sources */,
				3C5C473887772CFDAA7535EE /* MenuBarView.swift in Sources */,
				F93A846E10BB3E70003F07C6 /* STTModelDefinition.swift in Sources */,
				2B877E72AFA9A4D05B9FDC0B /* Session.swift in Sources */,
				89ADF5F490B96085E99E510C /* SoundEffects.swift in Sources */,
				59A3A4BE607D2198DDD3609D /* TranscriptionHistoryItem.swift in Sources */,
				4A7942D230B46253EF1197E9 /* TranscriptionService.swift in Sources */,
				36887C99C4A72623E8C07753 /* WavWriter.swift in Sources */,
			);
			runOnlyForDeploymentPostprocessing = 0;
		};
		340C217C30B89E1E4F904BC6 /* Sources */ = {
			isa = PBXSourcesBuildPhase;
			buildActionMask = 2147483647;
			files = (
				399C961D05BC240181C7E5F0 /* AppIPC.swift in Sources */,
				B60F390049F45E66073B89EB /* BeeBrokerProtocol.swift in Sources */,
				8811BC0A824B6F88EECA270F /* BeeIMEBridgeState.swift in Sources */,
				638D545266F00C866046B177 /* BeeInputAppDelegate.swift in Sources */,
				04DA33E6805211526E03587B /* BeeInputController.swift in Sources */,
				29ACCEA70218A641A96EBEF9 /* BeeVoxIMEClient.swift in Sources */,
				1F38F60B80B1849641559C85 /* ImeIPC.swift in Sources */,
				16DED771E26A5CA7CBBDC636 /* main.swift in Sources */,
			);
			runOnlyForDeploymentPostprocessing = 0;
		};
		D2655F88C500EE6726575245 /* Sources */ = {
			isa = PBXSourcesBuildPhase;
			buildActionMask = 2147483647;
			files = (
				29E8A763B547C38705BA90F2 /* BeeBrokerProtocol.swift in Sources */,
				716B5A2C281272363E022D04 /* main.swift in Sources */,
			);
			runOnlyForDeploymentPostprocessing = 0;
		};
/* End PBXSourcesBuildPhase section */

/* Begin PBXTargetDependency section */
		15583BDFE0F797E1409CD212 /* PBXTargetDependency */ = {
			isa = PBXTargetDependency;
			target = 891B7C31943E46D3967A432C /* beeInput */;
			targetProxy = D2627841E8CFC16F99971717 /* PBXContainerItemProxy */;
		};
/* End PBXTargetDependency section */

/* Begin XCBuildConfiguration section */
		22B7ADB9570659BC1759D0DC /* Debug */ = {
			isa = XCBuildConfiguration;
			buildSettings = {
				ASSETCATALOG_COMPILER_APPICON_NAME = AppIcon;
				CODE_SIGN_ENTITLEMENTS = bee/bee.entitlements;
				COMBINE_HIDPI_IMAGES = YES;
				ENABLE_APP_SANDBOX = NO;
				ENABLE_HARDENED_RUNTIME = YES;
				ENABLE_USER_SCRIPT_SANDBOXING = NO;
				GENERATE_INFOPLIST_FILE = YES;
				HEADER_SEARCH_PATHS = "$(PROJECT_DIR)/../rust/bee-ffi/include";
				INFOPLIST_KEY_ATSApplicationFontsPath = Fonts;
				INFOPLIST_KEY_LSUIElement = YES;
				INFOPLIST_KEY_NSMicrophoneUsageDescription = "Bee needs microphone access for voice-to-text dictation.";
				LD_RUNPATH_SEARCH_PATHS = (
					"$(inherited)",
					"@executable_path/../Frameworks",
				);
				LIBRARY_SEARCH_PATHS = "$(PROJECT_DIR)/../target/release";
				OTHER_LDFLAGS = (
					"-lbee_ffi",
					"-lc++",
					"-framework",
					Metal,
					"-framework",
					MetalPerformanceShaders,
					"-framework",
					Accelerate,
					"-framework",
					Security,
					"-framework",
					SystemConfiguration,
				);
				PRODUCT_BUNDLE_IDENTIFIER = fasterthanlime.bee;
				SDKROOT = macosx;
				SWIFT_APPROACHABLE_CONCURRENCY = YES;
				SWIFT_DEFAULT_ACTOR_ISOLATION = nonisolated;
				SWIFT_OBJC_BRIDGING_HEADER = "bee/bee-Bridging-Header.h";
				SWIFT_UPCOMING_FEATURE_MEMBER_IMPORT_VISIBILITY = YES;
				SWIFT_VERSION = 6.0;
			};
			name = Debug;
		};
		4762D1F3F5F90ADC0FC7937A /* Release */ = {
			isa = XCBuildConfiguration;
			buildSettings = {
				COMBINE_HIDPI_IMAGES = YES;
				ENABLE_APP_SANDBOX = NO;
				ENABLE_HARDENED_RUNTIME = YES;
				LD_RUNPATH_SEARCH_PATHS = (
					"$(inherited)",
					"@executable_path/../Frameworks",
				);
				PRODUCT_BUNDLE_IDENTIFIER = fasterthanlime.bee.broker;
				PRODUCT_NAME = beeBroker;
				SDKROOT = macosx;
				SWIFT_VERSION = 5.0;
			};
			name = Release;
		};
		5A3D880FA52A67238446C5FB /* Debug */ = {
			isa = XCBuildConfiguration;
			buildSettings = {
				ALWAYS_SEARCH_USER_PATHS = NO;
				CLANG_ANALYZER_NONNULL = YES;
				CLANG_ANALYZER_NUMBER_OBJECT_CONVERSION = YES_AGGRESSIVE;
				CLANG_CXX_LANGUAGE_STANDARD = "gnu++20";
				CLANG_CXX_LIBRARY = "libc++";
				CLANG_ENABLE_MODULES = YES;
				CLANG_ENABLE_OBJC_ARC = YES;
				CLANG_ENABLE_OBJC_WEAK = YES;
				CLANG_WARN_BLOCK_CAPTURE_AUTORELEASING = YES;
				CLANG_WARN_BOOL_CONVERSION = YES;
				CLANG_WARN_COMMA = YES;
				CLANG_WARN_CONSTANT_CONVERSION = YES;
				CLANG_WARN_DEPRECATED_OBJC_IMPLEMENTATIONS = YES;
				CLANG_WARN_DIRECT_OBJC_ISA_USAGE = YES_ERROR;
				CLANG_WARN_DOCUMENTATION_COMMENTS = YES;
				CLANG_WARN_EMPTY_BODY = YES;
				CLANG_WARN_ENUM_CONVERSION = YES;
				CLANG_WARN_INFINITE_RECURSION = YES;
				CLANG_WARN_INT_CONVERSION = YES;
				CLANG_WARN_NON_LITERAL_NULL_CONVERSION = YES;
				CLANG_WARN_OBJC_IMPLICIT_RETAIN_SELF = YES;
				CLANG_WARN_OBJC_LITERAL_CONVERSION = YES;
				CLANG_WARN_OBJC_ROOT_CLASS = YES_ERROR;
				CLANG_WARN_QUOTED_INCLUDE_IN_FRAMEWORK_HEADER = YES;
				CLANG_WARN_RANGE_LOOP_ANALYSIS = YES;
				CLANG_WARN_STRICT_PROTOTYPES = YES;
				CLANG_WARN_SUSPICIOUS_MOVE = YES;
				CLANG_WARN_UNGUARDED_AVAILABILITY = YES_AGGRESSIVE;
				CLANG_WARN_UNREACHABLE_CODE = YES;
				CLANG_WARN__DUPLICATE_METHOD_MATCH = YES;
				COPY_PHASE_STRIP = NO;
				DEBUG_INFORMATION_FORMAT = dwarf;
				DEVELOPMENT_TEAM = B2N6FSRTPV;
				ENABLE_STRICT_OBJC_MSGSEND = YES;
				ENABLE_TESTABILITY = YES;
				ENABLE_USER_SCRIPT_SANDBOXING = YES;
				GCC_C_LANGUAGE_STANDARD = gnu17;
				GCC_DYNAMIC_NO_PIC = NO;
				GCC_NO_COMMON_BLOCKS = YES;
				GCC_OPTIMIZATION_LEVEL = 0;
				GCC_PREPROCESSOR_DEFINITIONS = (
					"$(inherited)",
					"DEBUG=1",
				);
				GCC_WARN_64_TO_32_BIT_CONVERSION = YES;
				GCC_WARN_ABOUT_RETURN_TYPE = YES_ERROR;
				GCC_WARN_UNDECLARED_SELECTOR = YES;
				GCC_WARN_UNINITIALIZED_AUTOS = YES_AGGRESSIVE;
				GCC_WARN_UNUSED_FUNCTION = YES;
				GCC_WARN_UNUSED_VARIABLE = YES;
				MACOSX_DEPLOYMENT_TARGET = 15.0;
				MTL_ENABLE_DEBUG_INFO = INCLUDE_SOURCE;
				MTL_FAST_MATH = YES;
				ONLY_ACTIVE_ARCH = YES;
				PRODUCT_NAME = "$(TARGET_NAME)";
				SDKROOT = macosx;
				SWIFT_ACTIVE_COMPILATION_CONDITIONS = DEBUG;
				SWIFT_OPTIMIZATION_LEVEL = "-Onone";
				SWIFT_VERSION = 5.0;
			};
			name = Debug;
		};
		8A97E4337B542A88822D3522 /* Release */ = {
			isa = XCBuildConfiguration;
			buildSettings = {
				ASSETCATALOG_COMPILER_APPICON_NAME = AppIcon;
				CODE_SIGN_ENTITLEMENTS = bee/bee.entitlements;
				COMBINE_HIDPI_IMAGES = YES;
				ENABLE_APP_SANDBOX = NO;
				ENABLE_HARDENED_RUNTIME = YES;
				ENABLE_USER_SCRIPT_SANDBOXING = NO;
				GENERATE_INFOPLIST_FILE = YES;
				HEADER_SEARCH_PATHS = "$(PROJECT_DIR)/../rust/bee-ffi/include";
				INFOPLIST_KEY_ATSApplicationFontsPath = Fonts;
				INFOPLIST_KEY_LSUIElement = YES;
				INFOPLIST_KEY_NSMicrophoneUsageDescription = "Bee needs microphone access for voice-to-text dictation.";
				LD_RUNPATH_SEARCH_PATHS = (
					"$(inherited)",
					"@executable_path/../Frameworks",
				);
				LIBRARY_SEARCH_PATHS = "$(PROJECT_DIR)/../target/release";
				OTHER_LDFLAGS = (
					"-lbee_ffi",
					"-lc++",
					"-framework",
					Metal,
					"-framework",
					MetalPerformanceShaders,
					"-framework",
					Accelerate,
					"-framework",
					Security,
					"-framework",
					SystemConfiguration,
				);
				PRODUCT_BUNDLE_IDENTIFIER = fasterthanlime.bee;
				SDKROOT = macosx;
				SWIFT_APPROACHABLE_CONCURRENCY = YES;
				SWIFT_DEFAULT_ACTOR_ISOLATION = nonisolated;
				SWIFT_OBJC_BRIDGING_HEADER = "bee/bee-Bridging-Header.h";
				SWIFT_UPCOMING_FEATURE_MEMBER_IMPORT_VISIBILITY = YES;
				SWIFT_VERSION = 6.0;
			};
			name = Release;
		};
		A306788A4227294407C4D5D2 /* Release */ = {
			isa = XCBuildConfiguration;
			buildSettings = {
				ASSETCATALOG_COMPILER_APPICON_NAME = AppIcon;
				CODE_SIGN_ENTITLEMENTS = "bee-input/beeInput.entitlements";
				COMBINE_HIDPI_IMAGES = YES;
				ENABLE_APP_SANDBOX = YES;
				ENABLE_HARDENED_RUNTIME = YES;
				GENERATE_INFOPLIST_FILE = NO;
				INFOPLIST_FILE = "bee-input/Info.plist";
				LD_RUNPATH_SEARCH_PATHS = (
					"$(inherited)",
					"@executable_path/../Frameworks",
				);
				LIBRARY_SEARCH_PATHS = "$(PROJECT_DIR)/../target/release";
				PRODUCT_BUNDLE_IDENTIFIER = fasterthanlime.inputmethod.bee;
				PRODUCT_NAME = beeInput;
				SDKROOT = macosx;
				SWIFT_APPROACHABLE_CONCURRENCY = YES;
				SWIFT_DEFAULT_ACTOR_ISOLATION = MainActor;
				SWIFT_UPCOMING_FEATURE_MEMBER_IMPORT_VISIBILITY = YES;
				SWIFT_VERSION = 6.0;
			};
			name = Release;
		};
		B20FE4408CA2797ABB88A5EE /* Release */ = {
			isa = XCBuildConfiguration;
			buildSettings = {
				ALWAYS_SEARCH_USER_PATHS = NO;
				CLANG_ANALYZER_NONNULL = YES;
				CLANG_ANALYZER_NUMBER_OBJECT_CONVERSION = YES_AGGRESSIVE;
				CLANG_CXX_LANGUAGE_STANDARD = "gnu++20";
				CLANG_CXX_LIBRARY = "libc++";
				CLANG_ENABLE_MODULES = YES;
				CLANG_ENABLE_OBJC_ARC = YES;
				CLANG_ENABLE_OBJC_WEAK = YES;
				CLANG_WARN_BLOCK_CAPTURE_AUTORELEASING = YES;
				CLANG_WARN_BOOL_CONVERSION = YES;
				CLANG_WARN_COMMA = YES;
				CLANG_WARN_CONSTANT_CONVERSION = YES;
				CLANG_WARN_DEPRECATED_OBJC_IMPLEMENTATIONS = YES;
				CLANG_WARN_DIRECT_OBJC_ISA_USAGE = YES_ERROR;
				CLANG_WARN_DOCUMENTATION_COMMENTS = YES;
				CLANG_WARN_EMPTY_BODY = YES;
				CLANG_WARN_ENUM_CONVERSION = YES;
				CLANG_WARN_INFINITE_RECURSION = YES;
				CLANG_WARN_INT_CONVERSION = YES;
				CLANG_WARN_NON_LITERAL_NULL_CONVERSION = YES;
				CLANG_WARN_OBJC_IMPLICIT_RETAIN_SELF = YES;
				CLANG_WARN_OBJC_LITERAL_CONVERSION = YES;
				CLANG_WARN_OBJC_ROOT_CLASS = YES_ERROR;
				CLANG_WARN_QUOTED_INCLUDE_IN_FRAMEWORK_HEADER = YES;
				CLANG_WARN_RANGE_LOOP_ANALYSIS = YES;
				CLANG_WARN_STRICT_PROTOTYPES = YES;
				CLANG_WARN_SUSPICIOUS_MOVE = YES;
				CLANG_WARN_UNGUARDED_AVAILABILITY = YES_AGGRESSIVE;
				CLANG_WARN_UNREACHABLE_CODE = YES;
				CLANG_WARN__DUPLICATE_METHOD_MATCH = YES;
				COPY_PHASE_STRIP = NO;
				DEBUG_INFORMATION_FORMAT = "dwarf-with-dsym";
				DEVELOPMENT_TEAM = B2N6FSRTPV;
				ENABLE_NS_ASSERTIONS = NO;
				ENABLE_STRICT_OBJC_MSGSEND = YES;
				ENABLE_USER_SCRIPT_SANDBOXING = YES;
				GCC_C_LANGUAGE_STANDARD = gnu17;
				GCC_NO_COMMON_BLOCKS = YES;
				GCC_WARN_64_TO_32_BIT_CONVERSION = YES;
				GCC_WARN_ABOUT_RETURN_TYPE = YES_ERROR;
				GCC_WARN_UNDECLARED_SELECTOR = YES;
				GCC_WARN_UNINITIALIZED_AUTOS = YES_AGGRESSIVE;
				GCC_WARN_UNUSED_FUNCTION = YES;
				GCC_WARN_UNUSED_VARIABLE = YES;
				MACOSX_DEPLOYMENT_TARGET = 15.0;
				MTL_ENABLE_DEBUG_INFO = NO;
				MTL_FAST_MATH = YES;
				PRODUCT_NAME = "$(TARGET_NAME)";
				SDKROOT = macosx;
				SWIFT_COMPILATION_MODE = wholemodule;
				SWIFT_OPTIMIZATION_LEVEL = "-O";
				SWIFT_VERSION = 5.0;
			};
			name = Release;
		};
		C266DA1B127857BB08EE37B9 /* Debug */ = {
			isa = XCBuildConfiguration;
			buildSettings = {
				COMBINE_HIDPI_IMAGES = YES;
				ENABLE_APP_SANDBOX = NO;
				ENABLE_HARDENED_RUNTIME = YES;
				LD_RUNPATH_SEARCH_PATHS = (
					"$(inherited)",
					"@executable_path/../Frameworks",
				);
				PRODUCT_BUNDLE_IDENTIFIER = fasterthanlime.bee.broker;
				PRODUCT_NAME = beeBroker;
				SDKROOT = macosx;
				SWIFT_VERSION = 5.0;
			};
			name = Debug;
		};
		D11356ACAD335322EA52A9A1 /* Debug */ = {
			isa = XCBuildConfiguration;
			buildSettings = {
				ASSETCATALOG_COMPILER_APPICON_NAME = AppIcon;
				CODE_SIGN_ENTITLEMENTS = "bee-input/beeInput.entitlements";
				COMBINE_HIDPI_IMAGES = YES;
				ENABLE_APP_SANDBOX = YES;
				ENABLE_HARDENED_RUNTIME = YES;
				GENERATE_INFOPLIST_FILE = NO;
				INFOPLIST_FILE = "bee-input/Info.plist";
				LD_RUNPATH_SEARCH_PATHS = (
					"$(inherited)",
					"@executable_path/../Frameworks",
				);
				LIBRARY_SEARCH_PATHS = "$(PROJECT_DIR)/../target/release";
				PRODUCT_BUNDLE_IDENTIFIER = fasterthanlime.inputmethod.bee;
				PRODUCT_NAME = beeInput;
				SDKROOT = macosx;
				SWIFT_APPROACHABLE_CONCURRENCY = YES;
				SWIFT_DEFAULT_ACTOR_ISOLATION = MainActor;
				SWIFT_UPCOMING_FEATURE_MEMBER_IMPORT_VISIBILITY = YES;
				SWIFT_VERSION = 6.0;
			};
			name = Debug;
		};
/* End XCBuildConfiguration section */

/* Begin XCConfigurationList section */
		C3B0E177EEA98B0940DD1A57 /* Build configuration list for PBXNativeTarget "bee" */ = {
			isa = XCConfigurationList;
			buildConfigurations = (
				22B7ADB9570659BC1759D0DC /* Debug */,
				8A97E4337B542A88822D3522 /* Release */,
			);
			defaultConfigurationIsVisible = 0;
			defaultConfigurationName = Release;
		};
		E60212EE7CE0AC29551D2CB2 /* Build configuration list for PBXNativeTarget "beeInput" */ = {
			isa = XCConfigurationList;
			buildConfigurations = (
				D11356ACAD335322EA52A9A1 /* Debug */,
				A306788A4227294407C4D5D2 /* Release */,
			);
			defaultConfigurationIsVisible = 0;
			defaultConfigurationName = Release;
		};
		F22325494C7401AC3BF4AE13 /* Build configuration list for PBXNativeTarget "beeBroker" */ = {
			isa = XCConfigurationList;
			buildConfigurations = (
				C266DA1B127857BB08EE37B9 /* Debug */,
				4762D1F3F5F90ADC0FC7937A /* Release */,
			);
			defaultConfigurationIsVisible = 0;
			defaultConfigurationName = Release;
		};
		F6CAEEA1A727101382591196 /* Build configuration list for PBXProject "bee" */ = {
			isa = XCConfigurationList;
			buildConfigurations = (
				5A3D880FA52A67238446C5FB /* Debug */,
				B20FE4408CA2797ABB88A5EE /* Release */,
			);
			defaultConfigurationIsVisible = 0;
			defaultConfigurationName = Release;
		};
/* End XCConfigurationList section */

/* Begin XCRemoteSwiftPackageReference section */
		690A6C8DBBE7B3742D760635 /* XCRemoteSwiftPackageReference "vox" */ = {
			isa = XCRemoteSwiftPackageReference;
			repositoryURL = "https://github.com/bearcove/vox.git";
			requirement = {
				kind = revision;
				revision = db2174adc245a8f5467c5e6d34f9e8f7e80d1b76;
			};
		};
/* End XCRemoteSwiftPackageReference section */

/* Begin XCSwiftPackageProductDependency section */
		EF1B861B1D04035E64E28C57 /* VoxRuntime */ = {
			isa = XCSwiftPackageProductDependency;
			package = 690A6C8DBBE7B3742D760635 /* XCRemoteSwiftPackageReference "vox" */;
			productName = VoxRuntime;
		};
		F0443A793174C93FF149DD12 /* VoxRuntime */ = {
			isa = XCSwiftPackageProductDependency;
			package = 690A6C8DBBE7B3742D760635 /* XCRemoteSwiftPackageReference "vox" */;
			productName = VoxRuntime;
		};
/* End XCSwiftPackageProductDependency section */
	};
	rootObject = DA18FE9DB54A783047FBDEA6 /* Project object */;
}
